<?xml version="1.0" encoding="utf-8"?>
<Project ToolsVersion="4.0" xmlns="http://schemas.microsoft.com/developer/msbuild/2003">
  <ItemGroup>
    <ClInclude Include="ionScience.h" />
    <ClInclude Include="Interpolation.h" />
    <ClInclude Include="CColorTable.h">
      <Filter>Coloring</Filter>
    </ClInclude>
    <ClInclude Include="DefaultColorTable.h">
      <Filter>Coloring</Filter>
    </ClInclude>
    <ClInclude Include="MarchingCubes.h">
      <Filter>Marching Cubes</Filter>
    </ClInclude>
    <ClInclude Include="MarchingCubesLookupTables.h">
      <Filter>Marching Cubes</Filter>
    </ClInclude>
    <ClInclude Include="SVolume.h">
      <Filter>Data Structures</Filter>
    </ClInclude>
    <ClInclude Include="CKDTree.h">
      <Filter>Data Structures</Filter>
    </ClInclude>
    <ClInclude Include="SLongitudeLatitude.h" />
    <ClInclude Include="IProgressBar.h">
      <Filter>Progress</Filter>
    </ClInclude>
    <ClInclude Include="CPrintProgressBar.h">
      <Filter>Progress</Filter>
    </ClInclude>
    <ClInclude Include="IColorMapper.h">
      <Filter>Coloring</Filter>
    </ClInclude>
    <ClInclude Include="IDataRecord.h">
      <Filter>Data</Filter>
    </ClInclude>
    <ClInclude Include="STable.h">
      <Filter>Data\STable</Filter>
    </ClInclude>
    <ClInclude Include="SRange.h">
      <Filter>Data</Filter>
    </ClInclude>
    <ClInclude Include="IDatabase.h">
      <Filter>Data</Filter>
    </ClInclude>
    <ClInclude Include="SVolumeDatabase.h">
      <Filter>Data</Filter>
    </ClInclude>
    <ClInclude Include="SGrid.h">
      <Filter>Data Structures</Filter>
    </ClInclude>
    <ClInclude Include="EarClipping.h">
      <Filter>Algorithms</Filter>
    </ClInclude>
  </ItemGroup>
  <ItemGroup>
    <ClCompile Include="CColorTable.cpp">
      <Filter>Coloring</Filter>
    </ClCompile>
    <ClCompile Include="MarchingCubes.cpp">
      <Filter>Marching Cubes</Filter>
    </ClCompile>
    <ClCompile Include="CKDTree.cpp">
      <Filter>Data Structures</Filter>
    </ClCompile>
    <ClCompile Include="IProgressBar.cpp">
      <Filter>Progress</Filter>
    </ClCompile>
    <ClCompile Include="STable.cpp">
      <Filter>Data\STable</Filter>
    </ClCompile>
    <ClCompile Include="STable.FieldIterator.cpp">
      <Filter>Data\STable</Filter>
    </ClCompile>
    <ClCompile Include="STable.Row.cpp">
      <Filter>Data\STable</Filter>
    </ClCompile>
    <ClCompile Include="EarClipping.cpp">
      <Filter>Algorithms</Filter>
    </ClCompile>
  </ItemGroup>
  <ItemGroup>
    <Filter Include="Coloring">
      <UniqueIdentifier>{d1d9ce53-fb9f-472b-99d3-09527d2c34a8}</UniqueIdentifier>
    </Filter>
    <Filter Include="Marching Cubes">
      <UniqueIdentifier>{484f85e2-9c88-40f1-a9a0-e5cee6490d52}</UniqueIdentifier>
    </Filter>
    <Filter Include="Data Structures">
      <UniqueIdentifier>{9b961004-bed7-4384-8215-000aa593ecf5}</UniqueIdentifier>
    </Filter>
    <Filter Include="Progress">
      <UniqueIdentifier>{80bb6b08-0f97-462e-831f-72777c53efef}</UniqueIdentifier>
    </Filter>
    <Filter Include="Data">
      <UniqueIdentifier>{fb71679c-7229-4aa4-9869-6beac7cca096}</UniqueIdentifier>
    </Filter>
    <Filter Include="Data\STable">
      <UniqueIdentifier>{f5a3db2f-0bf6-41ba-89b1-39321fad4605}</UniqueIdentifier>
    </Filter>
    <Filter Include="Algorithms">
      <UniqueIdentifier>{eb9f252c-559d-4588-a55d-8eef078d4242}</UniqueIdentifier>
    </Filter>
  </ItemGroup>
</Project>