<?xml version="1.0" encoding="utf-8"?>
<Project ToolsVersion="4.0" xmlns="http://schemas.microsoft.com/developer/msbuild/2003">
  <ItemGroup>
    <ClInclude Include="ionScience.h" />
    <ClInclude Include="SVolume.h" />
    <ClInclude Include="Interpolation.h" />
    <ClInclude Include="MarchingCubes.h" />
    <ClInclude Include="CColorTable.h" />
    <ClInclude Include="DefaultColorTable.h" />
    <ClInclude Include="MarchingCubesLookupTables.h" />
  </ItemGroup>
  <ItemGroup>
    <ClCompile Include="MarchingCubes.cpp" />
    <ClCompile Include="CColorTable.cpp" />
  </ItemGroup>
</Project>