<?xml version="1.0" encoding="utf-8"?>
<Project ToolsVersion="4.0" xmlns="http://schemas.microsoft.com/developer/msbuild/2003">
  <ItemGroup>
    <ClInclude Include=".\ionScene.h" />
    <ClInclude Include="CCamera.h">
      <Filter>Camera</Filter>
    </ClInclude>
    <ClInclude Include="CPerspectiveCamera.h">
      <Filter>Camera</Filter>
    </ClInclude>
    <ClInclude Include="ICamera.h">
      <Filter>Camera</Filter>
    </ClInclude>
    <ClInclude Include="CPointLight.h">
      <Filter>Light</Filter>
    </ClInclude>
    <ClInclude Include="COrthographicCamera.h">
      <Filter>Camera</Filter>
    </ClInclude>
    <ClInclude Include="CSceneManager.h">
      <Filter>SceneManager</Filter>
    </ClInclude>
    <ClInclude Include="ISceneObject.h">
      <Filter>SceneManager</Filter>
    </ClInclude>
    <ClInclude Include="CRenderPass.h">
      <Filter>SceneManager</Filter>
    </ClInclude>
    <ClInclude Include="ILight.h">
      <Filter>Light</Filter>
    </ClInclude>
    <ClInclude Include="CGeometryCreator.h">
      <Filter>Mesh</Filter>
    </ClInclude>
    <ClInclude Include="CSimpleMesh.h">
      <Filter>Mesh</Filter>
    </ClInclude>
    <ClInclude Include="CSimpleMeshSceneObject.h">
      <Filter>Objects</Filter>
    </ClInclude>
    <ClInclude Include="CDirectionalLight.h">
      <Filter>Light</Filter>
    </ClInclude>
    <ClInclude Include="CSimpleSceneObject.h">
      <Filter>Objects</Filter>
    </ClInclude>
    <ClInclude Include="CCoordinateFrameSceneObject.h">
      <Filter>Objects</Filter>
    </ClInclude>
  </ItemGroup>
  <ItemGroup>
    <ClCompile Include="CCamera.cpp">
      <Filter>Camera</Filter>
    </ClCompile>
    <ClCompile Include="CPerspectiveCamera.cpp">
      <Filter>Camera</Filter>
    </ClCompile>
    <ClCompile Include="CPointLight.cpp">
      <Filter>Light</Filter>
    </ClCompile>
    <ClCompile Include="COrthographicCamera.cpp">
      <Filter>Camera</Filter>
    </ClCompile>
    <ClCompile Include="CSceneManager.cpp">
      <Filter>SceneManager</Filter>
    </ClCompile>
    <ClCompile Include="ISceneObject.cpp">
      <Filter>SceneManager</Filter>
    </ClCompile>
    <ClCompile Include="CRenderPass.cpp">
      <Filter>SceneManager</Filter>
    </ClCompile>
    <ClCompile Include="ILight.cpp">
      <Filter>Light</Filter>
    </ClCompile>
    <ClCompile Include="CGeometryCreator.cpp">
      <Filter>Mesh</Filter>
    </ClCompile>
    <ClCompile Include="CSimpleMesh.cpp">
      <Filter>Mesh</Filter>
    </ClCompile>
    <ClCompile Include="CSimpleMeshSceneObject.cpp">
      <Filter>Objects</Filter>
    </ClCompile>
    <ClCompile Include="CDirectionalLight.cpp">
      <Filter>Light</Filter>
    </ClCompile>
    <ClCompile Include="CSimpleSceneObject.cpp">
      <Filter>Objects</Filter>
    </ClCompile>
    <ClCompile Include="CCoordinateFrameSceneObject.cpp">
      <Filter>Objects</Filter>
    </ClCompile>
  </ItemGroup>
  <ItemGroup>
    <Filter Include="SceneManager">
      <UniqueIdentifier>{16854fe6-41bd-42d4-8345-00c1d4470da9}</UniqueIdentifier>
    </Filter>
    <Filter Include="Camera">
      <UniqueIdentifier>{1d505f92-ea19-47bc-be08-29ec50a5e310}</UniqueIdentifier>
    </Filter>
    <Filter Include="Light">
      <UniqueIdentifier>{234bc57a-b8e2-4263-9586-b6174ebe24ad}</UniqueIdentifier>
    </Filter>
    <Filter Include="Mesh">
      <UniqueIdentifier>{b6886fce-5fdb-403a-92e0-8848305b53ce}</UniqueIdentifier>
    </Filter>
    <Filter Include="Objects">
      <UniqueIdentifier>{56eb5827-4c6e-48c2-a826-f2b91f313522}</UniqueIdentifier>
    </Filter>
  </ItemGroup>
</Project>