<?xml version="1.0" encoding="utf-8"?>
<Project ToolsVersion="4.0" xmlns="http://schemas.microsoft.com/developer/msbuild/2003">
  <ItemGroup>
    <ClInclude Include=".\ionScene.h" />
    <ClInclude Include="CSceneManager.h">
      <Filter>SceneManager</Filter>
    </ClInclude>
    <ClInclude Include="CSceneNodeFactory.h">
      <Filter>SceneManager</Filter>
    </ClInclude>
    <ClInclude Include="CCamera.h">
      <Filter>Camera</Filter>
    </ClInclude>
    <ClInclude Include="CPerspectiveCamera.h">
      <Filter>Camera</Filter>
    </ClInclude>
    <ClInclude Include="ISceneNode.h">
      <Filter>Node</Filter>
    </ClInclude>
    <ClInclude Include="CSceneNode.h">
      <Filter>Node</Filter>
    </ClInclude>
    <ClInclude Include="ICamera.h">
      <Filter>Camera</Filter>
    </ClInclude>
    <ClInclude Include="CMeshComponent.h">
      <Filter>Node\Component</Filter>
    </ClInclude>
    <ClInclude Include="CScene.h">
      <Filter>SceneManager</Filter>
    </ClInclude>
    <ClInclude Include="CUpdateCallbackComponent.h">
      <Filter>Node\Component</Filter>
    </ClInclude>
    <ClInclude Include="CMeshLibrary.h">
      <Filter>SceneManager\Libraries</Filter>
    </ClInclude>
    <ClInclude Include="CShaderLibrary.h">
      <Filter>SceneManager\Libraries</Filter>
    </ClInclude>
    <ClInclude Include="CGLGraphicsEngine.h">
      <Filter>SceneManager\Graphics</Filter>
    </ClInclude>
    <ClInclude Include="IGraphicsEngine.h">
      <Filter>SceneManager\Graphics</Filter>
    </ClInclude>
    <ClInclude Include="CTextureLibrary.h">
      <Filter>SceneManager\Libraries</Filter>
    </ClInclude>
    <ClInclude Include="CTextureComponent.h">
      <Filter>Node\Component</Filter>
    </ClInclude>
    <ClInclude Include="CShaderComponent.h">
      <Filter>Node\Component</Filter>
    </ClInclude>
    <ClInclude Include="ISceneNodeComponent.h">
      <Filter>Node</Filter>
    </ClInclude>
    <ClInclude Include="CGLGraphicsComponent.h">
      <Filter>Node\Component</Filter>
    </ClInclude>
    <ClInclude Include="IRenderPass.h">
      <Filter>SceneManager\Render Passes</Filter>
    </ClInclude>
  </ItemGroup>
  <ItemGroup>
    <ClCompile Include="CSceneManager.cpp">
      <Filter>SceneManager</Filter>
    </ClCompile>
    <ClCompile Include="CSceneNodeFactory.cpp">
      <Filter>SceneManager</Filter>
    </ClCompile>
    <ClCompile Include="CCamera.cpp">
      <Filter>Camera</Filter>
    </ClCompile>
    <ClCompile Include="CPerspectiveCamera.cpp">
      <Filter>Camera</Filter>
    </ClCompile>
    <ClCompile Include="ISceneNode.cpp">
      <Filter>Node</Filter>
    </ClCompile>
    <ClCompile Include="ISceneNode.ModelTransformMethods.cpp">
      <Filter>Node</Filter>
    </ClCompile>
    <ClCompile Include="ISceneNode.UpdateMethods.cpp">
      <Filter>Node</Filter>
    </ClCompile>
    <ClCompile Include="CSceneNode.cpp">
      <Filter>Node</Filter>
    </ClCompile>
    <ClCompile Include="CMeshComponent.cpp">
      <Filter>Node\Component</Filter>
    </ClCompile>
    <ClCompile Include="CScene.cpp">
      <Filter>SceneManager</Filter>
    </ClCompile>
    <ClCompile Include="CUpdateCallbackComponent.cpp">
      <Filter>Node\Component</Filter>
    </ClCompile>
    <ClCompile Include="CMeshLibrary.cpp">
      <Filter>SceneManager\Libraries</Filter>
    </ClCompile>
    <ClCompile Include="CShaderLibrary.cpp">
      <Filter>SceneManager\Libraries</Filter>
    </ClCompile>
    <ClCompile Include="CGLGraphicsEngine.cpp">
      <Filter>SceneManager\Graphics</Filter>
    </ClCompile>
    <ClCompile Include="CTextureLibrary.cpp">
      <Filter>SceneManager\Libraries</Filter>
    </ClCompile>
    <ClCompile Include="CTextureComponent.cpp">
      <Filter>Node\Component</Filter>
    </ClCompile>
    <ClCompile Include="CShaderComponent.cpp">
      <Filter>Node\Component</Filter>
    </ClCompile>
    <ClCompile Include="CGLGraphicsComponent.cpp">
      <Filter>Node\Component</Filter>
    </ClCompile>
    <ClCompile Include="IRenderPass.cpp">
      <Filter>SceneManager\Render Passes</Filter>
    </ClCompile>
  </ItemGroup>
  <ItemGroup>
    <Filter Include="SceneManager">
      <UniqueIdentifier>{16854fe6-41bd-42d4-8345-00c1d4470da9}</UniqueIdentifier>
    </Filter>
    <Filter Include="Camera">
      <UniqueIdentifier>{1d505f92-ea19-47bc-be08-29ec50a5e310}</UniqueIdentifier>
    </Filter>
    <Filter Include="Node">
      <UniqueIdentifier>{9aa6fbd7-7084-411a-ad0f-ae937c462da1}</UniqueIdentifier>
    </Filter>
    <Filter Include="Node\Component">
      <UniqueIdentifier>{113513f8-0344-44d6-9863-b55fc0d28ab0}</UniqueIdentifier>
    </Filter>
    <Filter Include="SceneManager\Libraries">
      <UniqueIdentifier>{501fbe7b-ef85-4f56-9637-6c23006da74d}</UniqueIdentifier>
    </Filter>
    <Filter Include="SceneManager\Graphics">
      <UniqueIdentifier>{a97a05b5-d0b1-4db3-974e-138d5f3bcad6}</UniqueIdentifier>
    </Filter>
    <Filter Include="SceneManager\Render Passes">
      <UniqueIdentifier>{410dd937-3448-496d-8ef1-64f09e73841a}</UniqueIdentifier>
    </Filter>
  </ItemGroup>
</Project>