<?xml version="1.0" encoding="utf-8"?>
<Project ToolsVersion="4.0" xmlns="http://schemas.microsoft.com/developer/msbuild/2003">
  <ItemGroup>
    <Filter Include="Geometry">
      <UniqueIdentifier>{a0561f46-6721-4922-ad23-0eb06d9a9546}</UniqueIdentifier>
    </Filter>
  </ItemGroup>
  <ItemGroup>
    <ClInclude Include="ionMath.h" />
    <ClInclude Include="Utilities.h" />
    <ClInclude Include="Constants.h" />
    <ClInclude Include="SBoundingBox3.h">
      <Filter>Geometry</Filter>
    </ClInclude>
    <ClInclude Include="SLine3.h">
      <Filter>Geometry</Filter>
    </ClInclude>
    <ClInclude Include="SPlane3.h">
      <Filter>Geometry</Filter>
    </ClInclude>
    <ClInclude Include="SRect2.h">
      <Filter>Geometry</Filter>
    </ClInclude>
    <ClInclude Include="STransformation3.h">
      <Filter>Geometry</Filter>
    </ClInclude>
    <ClInclude Include="STriangle2.h">
      <Filter>Geometry</Filter>
    </ClInclude>
    <ClInclude Include="STriangle3.h">
      <Filter>Geometry</Filter>
    </ClInclude>
    <ClInclude Include="ray3.h">
      <Filter>Geometry</Filter>
    </ClInclude>
  </ItemGroup>
</Project>