<?xml version="1.0" encoding="utf-8"?>
<Project ToolsVersion="4.0" xmlns="http://schemas.microsoft.com/developer/msbuild/2003">
  <ItemGroup>
    <ClCompile Include="CGraphicsContext.cpp" />
    <ClCompile Include="CD3D11Implementation.cpp" />
    <ClCompile Include="Utilities.cpp" />
    <ClCompile Include="CIndexBuffer.cpp">
      <Filter>Buffers</Filter>
    </ClCompile>
    <ClCompile Include="CVertexBuffer.cpp">
      <Filter>Buffers</Filter>
    </ClCompile>
    <ClCompile Include="CTexture.cpp">
      <Filter>Textures</Filter>
    </ClCompile>
    <ClCompile Include="CDepthBuffer.cpp">
      <Filter>Render Targets</Filter>
    </ClCompile>
    <ClCompile Include="CFrameBuffer.cpp">
      <Filter>Render Targets</Filter>
    </ClCompile>
    <ClCompile Include="CRenderTarget.cpp">
      <Filter>Render Targets</Filter>
    </ClCompile>
    <ClCompile Include="CVertexStage.cpp">
      <Filter>Shaders</Filter>
    </ClCompile>
    <ClCompile Include="CShaderStage.cpp">
      <Filter>Shaders</Filter>
    </ClCompile>
    <ClCompile Include="CPixelStage.cpp">
      <Filter>Shaders</Filter>
    </ClCompile>
    <ClCompile Include="CGeometryStage.cpp">
      <Filter>Shaders</Filter>
    </ClCompile>
    <ClCompile Include="CDrawContext.cpp">
      <Filter>Draw</Filter>
    </ClCompile>
    <ClCompile Include="CPipelineState.cpp">
      <Filter>Draw</Filter>
    </ClCompile>
    <ClCompile Include="CShader.cpp">
      <Filter>Shaders</Filter>
    </ClCompile>
    <ClCompile Include="CInputLayout.cpp">
      <Filter>Draw</Filter>
    </ClCompile>
    <ClCompile Include="CConstantBuffer.cpp">
      <Filter>Buffers</Filter>
    </ClCompile>
  </ItemGroup>
  <ItemGroup>
    <ClInclude Include="CGraphicsContext.h" />
    <ClInclude Include="CD3D11Implementation.h" />
    <ClInclude Include="ionGraphicsD3D11.h" />
    <ClInclude Include="Utilities.h" />
    <ClInclude Include="CIndexBuffer.h">
      <Filter>Buffers</Filter>
    </ClInclude>
    <ClInclude Include="CVertexBuffer.h">
      <Filter>Buffers</Filter>
    </ClInclude>
    <ClInclude Include="CTexture.h">
      <Filter>Textures</Filter>
    </ClInclude>
    <ClInclude Include="CDepthBuffer.h">
      <Filter>Render Targets</Filter>
    </ClInclude>
    <ClInclude Include="CFrameBuffer.h">
      <Filter>Render Targets</Filter>
    </ClInclude>
    <ClInclude Include="CRenderTarget.h">
      <Filter>Render Targets</Filter>
    </ClInclude>
    <ClInclude Include="CGeometryStage.h">
      <Filter>Shaders</Filter>
    </ClInclude>
    <ClInclude Include="CVertexStage.h">
      <Filter>Shaders</Filter>
    </ClInclude>
    <ClInclude Include="CPixelStage.h">
      <Filter>Shaders</Filter>
    </ClInclude>
    <ClInclude Include="CShaderStage.h">
      <Filter>Shaders</Filter>
    </ClInclude>
    <ClInclude Include="CDrawContext.h">
      <Filter>Draw</Filter>
    </ClInclude>
    <ClInclude Include="CPipelineState.h">
      <Filter>Draw</Filter>
    </ClInclude>
    <ClInclude Include="CShader.h">
      <Filter>Shaders</Filter>
    </ClInclude>
    <ClInclude Include="CConstantBuffer.h">
      <Filter>Buffers</Filter>
    </ClInclude>
    <ClInclude Include="CInputLayout.h">
      <Filter>Draw</Filter>
    </ClInclude>
  </ItemGroup>
  <ItemGroup>
    <Filter Include="Shaders">
      <UniqueIdentifier>{81063a7b-ec2e-4480-b2a7-ffcf1330bf49}</UniqueIdentifier>
    </Filter>
    <Filter Include="Buffers">
      <UniqueIdentifier>{4bcd200c-6bd9-4b6e-9a89-c14a22b1fb48}</UniqueIdentifier>
    </Filter>
    <Filter Include="Textures">
      <UniqueIdentifier>{e760b788-0dac-41cf-acb8-90c069827ee1}</UniqueIdentifier>
    </Filter>
    <Filter Include="Render Targets">
      <UniqueIdentifier>{5a7b1a53-0d51-4290-99aa-7ad1884dbe90}</UniqueIdentifier>
    </Filter>
    <Filter Include="Draw">
      <UniqueIdentifier>{2eb21a0f-5655-4c21-91f3-f2bb4f2573ed}</UniqueIdentifier>
    </Filter>
  </ItemGroup>
</Project>