
Microsoft Visual Studio Solution File, Format Version 12.00
# Visual Studio 2013
VisualStudioVersion = 12.0.30723.0
MinimumVisualStudioVersion = 10.0.40219.1
Project("{8BC9CEB8-8B4A-11D0-8D11-00A0C91BC942}") = "Demo01-WindowManager", "Demo01-WindowManager\DemoWindowManager.vcxproj", "{03C6DAB6-20CA-4279-A89E-087373B27805}"
	ProjectSection(ProjectDependencies) = postProject
		{2D08659B-B706-4A3C-95C0-9294710DC5EE} = {2D08659B-B706-4A3C-95C0-9294710DC5EE}
		{62BCAA9D-AC23-4C67-ADD3-BFF802DC4B62} = {62BCAA9D-AC23-4C67-ADD3-BFF802DC4B62}
		{BAE6EFD0-1A10-4F38-AB8D-7ACB3570200A} = {BAE6EFD0-1A10-4F38-AB8D-7ACB3570200A}
	EndProjectSection
EndProject
Project("{8BC9CEB8-8B4A-11D0-8D11-00A0C91BC942}") = "Demo02-GL", "Demo02-GL\DemoGL.vcxproj", "{6F837E71-5954-4D08-B1BE-598C8FDF021E}"
	ProjectSection(ProjectDependencies) = postProject
		{2D08659B-B706-4A3C-95C0-9294710DC5EE} = {2D08659B-B706-4A3C-95C0-9294710DC5EE}
		{62BCAA9D-AC23-4C67-ADD3-BFF802DC4B62} = {62BCAA9D-AC23-4C67-ADD3-BFF802DC4B62}
		{BAE6EFD0-1A10-4F38-AB8D-7ACB3570200A} = {BAE6EFD0-1A10-4F38-AB8D-7ACB3570200A}
	EndProjectSection
EndProject
Project("{8BC9CEB8-8B4A-11D0-8D11-00A0C91BC942}") = "Demo03-Asset", "Demo03-Asset\DemoAsset.vcxproj", "{791485D8-0C8C-48C2-B943-6E10C34860C0}"
	ProjectSection(ProjectDependencies) = postProject
		{2D08659B-B706-4A3C-95C0-9294710DC5EE} = {2D08659B-B706-4A3C-95C0-9294710DC5EE}
		{62BCAA9D-AC23-4C67-ADD3-BFF802DC4B62} = {62BCAA9D-AC23-4C67-ADD3-BFF802DC4B62}
		{1FDC44C8-0538-4FDD-8F94-531DFC28D166} = {1FDC44C8-0538-4FDD-8F94-531DFC28D166}
		{BAE6EFD0-1A10-4F38-AB8D-7ACB3570200A} = {BAE6EFD0-1A10-4F38-AB8D-7ACB3570200A}
	EndProjectSection
EndProject
Project("{8BC9CEB8-8B4A-11D0-8D11-00A0C91BC942}") = "Demo04-GUI", "Demo04-GUI\DemoGUI.vcxproj", "{2C29A580-43CE-41B2-BBE9-726F759B9642}"
	ProjectSection(ProjectDependencies) = postProject
		{B8548F57-DF33-4215-AE44-83CF8BCF18C1} = {B8548F57-DF33-4215-AE44-83CF8BCF18C1}
		{B9BEDC8B-802D-48AB-B6D4-8A2CAD197F35} = {B9BEDC8B-802D-48AB-B6D4-8A2CAD197F35}
		{2D08659B-B706-4A3C-95C0-9294710DC5EE} = {2D08659B-B706-4A3C-95C0-9294710DC5EE}
		{62BCAA9D-AC23-4C67-ADD3-BFF802DC4B62} = {62BCAA9D-AC23-4C67-ADD3-BFF802DC4B62}
		{BAE6EFD0-1A10-4F38-AB8D-7ACB3570200A} = {BAE6EFD0-1A10-4F38-AB8D-7ACB3570200A}
	EndProjectSection
EndProject
Project("{8BC9CEB8-8B4A-11D0-8D11-00A0C91BC942}") = "Demo05-Scene", "Demo05-Scene\DemoScene.vcxproj", "{8C46A561-981F-447F-BD14-B96007179478}"
	ProjectSection(ProjectDependencies) = postProject
		{2D08659B-B706-4A3C-95C0-9294710DC5EE} = {2D08659B-B706-4A3C-95C0-9294710DC5EE}
		{60FDFD9C-F812-4BDE-B62F-F7BC8F2C0792} = {60FDFD9C-F812-4BDE-B62F-F7BC8F2C0792}
		{62BCAA9D-AC23-4C67-ADD3-BFF802DC4B62} = {62BCAA9D-AC23-4C67-ADD3-BFF802DC4B62}
		{1FDC44C8-0538-4FDD-8F94-531DFC28D166} = {1FDC44C8-0538-4FDD-8F94-531DFC28D166}
		{BAE6EFD0-1A10-4F38-AB8D-7ACB3570200A} = {BAE6EFD0-1A10-4F38-AB8D-7ACB3570200A}
	EndProjectSection
EndProject
Project("{8BC9CEB8-8B4A-11D0-8D11-00A0C91BC942}") = "Demo06-Bootstrap", "Demo06-Bootstrap\DemoBootstrap.vcxproj", "{8B3851E1-6FEE-4A00-87D8-94A9BB15A209}"
	ProjectSection(ProjectDependencies) = postProject
		{7068F000-7E6D-4C8D-BAA0-AA400841AC98} = {7068F000-7E6D-4C8D-BAA0-AA400841AC98}
		{2D08659B-B706-4A3C-95C0-9294710DC5EE} = {2D08659B-B706-4A3C-95C0-9294710DC5EE}
		{60FDFD9C-F812-4BDE-B62F-F7BC8F2C0792} = {60FDFD9C-F812-4BDE-B62F-F7BC8F2C0792}
		{62BCAA9D-AC23-4C67-ADD3-BFF802DC4B62} = {62BCAA9D-AC23-4C67-ADD3-BFF802DC4B62}
		{1FDC44C8-0538-4FDD-8F94-531DFC28D166} = {1FDC44C8-0538-4FDD-8F94-531DFC28D166}
		{BAE6EFD0-1A10-4F38-AB8D-7ACB3570200A} = {BAE6EFD0-1A10-4F38-AB8D-7ACB3570200A}
	EndProjectSection
EndProject
Project("{8BC9CEB8-8B4A-11D0-8D11-00A0C91BC942}") = "DeploymentTest", "DeploymentTest\DeploymentTest.vcxproj", "{2D08659B-B706-4A3C-95C0-9294710DC5EE}"
	ProjectSection(ProjectDependencies) = postProject
		{4D2A1D18-B056-4CD5-B5D7-DB3B699F19B7} = {4D2A1D18-B056-4CD5-B5D7-DB3B699F19B7}
	EndProjectSection
EndProject
Project("{8BC9CEB8-8B4A-11D0-8D11-00A0C91BC942}") = "ionAnimation", "ionAnimation\ionAnimation.vcxproj", "{FAB7E8A3-2842-43ED-A823-A3EE4CD514E9}"
EndProject
Project("{8BC9CEB8-8B4A-11D0-8D11-00A0C91BC942}") = "ionAsset", "ionAsset\ionAsset.vcxproj", "{1FDC44C8-0538-4FDD-8F94-531DFC28D166}"
	ProjectSection(ProjectDependencies) = postProject
		{4D2A1D18-B056-4CD5-B5D7-DB3B699F19B7} = {4D2A1D18-B056-4CD5-B5D7-DB3B699F19B7}
		{B8548F57-DF33-4215-AE44-83CF8BCF18C1} = {B8548F57-DF33-4215-AE44-83CF8BCF18C1}
		{62BCAA9D-AC23-4C67-ADD3-BFF802DC4B62} = {62BCAA9D-AC23-4C67-ADD3-BFF802DC4B62}
		{BAE6EFD0-1A10-4F38-AB8D-7ACB3570200A} = {BAE6EFD0-1A10-4F38-AB8D-7ACB3570200A}
		{A24BACED-451D-4120-A386-136A963C3C72} = {A24BACED-451D-4120-A386-136A963C3C72}
	EndProjectSection
EndProject
Project("{8BC9CEB8-8B4A-11D0-8D11-00A0C91BC942}") = "ionBootstrap", "ionBootstrap\ionBootstrap.vcxproj", "{7068F000-7E6D-4C8D-BAA0-AA400841AC98}"
EndProject
Project("{8BC9CEB8-8B4A-11D0-8D11-00A0C91BC942}") = "ionCore", "ionCore\ionCore.vcxproj", "{4D2A1D18-B056-4CD5-B5D7-DB3B699F19B7}"
EndProject
Project("{8BC9CEB8-8B4A-11D0-8D11-00A0C91BC942}") = "ionFramework", "ionFramework\ionFramework.vcxproj", "{B8548F57-DF33-4215-AE44-83CF8BCF18C1}"
	ProjectSection(ProjectDependencies) = postProject
		{4D2A1D18-B056-4CD5-B5D7-DB3B699F19B7} = {4D2A1D18-B056-4CD5-B5D7-DB3B699F19B7}
	EndProjectSection
EndProject
Project("{8BC9CEB8-8B4A-11D0-8D11-00A0C91BC942}") = "ionGL", "ionGL\ionGL.vcxproj", "{BAE6EFD0-1A10-4F38-AB8D-7ACB3570200A}"
	ProjectSection(ProjectDependencies) = postProject
		{4D2A1D18-B056-4CD5-B5D7-DB3B699F19B7} = {4D2A1D18-B056-4CD5-B5D7-DB3B699F19B7}
		{A24BACED-451D-4120-A386-136A963C3C72} = {A24BACED-451D-4120-A386-136A963C3C72}
	EndProjectSection
EndProject
Project("{8BC9CEB8-8B4A-11D0-8D11-00A0C91BC942}") = "ionGUI", "ionGUI\ionGUI.vcxproj", "{B9BEDC8B-802D-48AB-B6D4-8A2CAD197F35}"
	ProjectSection(ProjectDependencies) = postProject
		{4D2A1D18-B056-4CD5-B5D7-DB3B699F19B7} = {4D2A1D18-B056-4CD5-B5D7-DB3B699F19B7}
		{B8548F57-DF33-4215-AE44-83CF8BCF18C1} = {B8548F57-DF33-4215-AE44-83CF8BCF18C1}
		{62BCAA9D-AC23-4C67-ADD3-BFF802DC4B62} = {62BCAA9D-AC23-4C67-ADD3-BFF802DC4B62}
		{1FDC44C8-0538-4FDD-8F94-531DFC28D166} = {1FDC44C8-0538-4FDD-8F94-531DFC28D166}
		{BAE6EFD0-1A10-4F38-AB8D-7ACB3570200A} = {BAE6EFD0-1A10-4F38-AB8D-7ACB3570200A}
	EndProjectSection
EndProject
Project("{8BC9CEB8-8B4A-11D0-8D11-00A0C91BC942}") = "ionMath", "ionMath\ionMath.vcxproj", "{A24BACED-451D-4120-A386-136A963C3C72}"
	ProjectSection(ProjectDependencies) = postProject
		{4D2A1D18-B056-4CD5-B5D7-DB3B699F19B7} = {4D2A1D18-B056-4CD5-B5D7-DB3B699F19B7}
	EndProjectSection
EndProject
Project("{8BC9CEB8-8B4A-11D0-8D11-00A0C91BC942}") = "ionScene", "ionScene\ionScene.vcxproj", "{60FDFD9C-F812-4BDE-B62F-F7BC8F2C0792}"
	ProjectSection(ProjectDependencies) = postProject
		{4D2A1D18-B056-4CD5-B5D7-DB3B699F19B7} = {4D2A1D18-B056-4CD5-B5D7-DB3B699F19B7}
		{B8548F57-DF33-4215-AE44-83CF8BCF18C1} = {B8548F57-DF33-4215-AE44-83CF8BCF18C1}
		{62BCAA9D-AC23-4C67-ADD3-BFF802DC4B62} = {62BCAA9D-AC23-4C67-ADD3-BFF802DC4B62}
		{1FDC44C8-0538-4FDD-8F94-531DFC28D166} = {1FDC44C8-0538-4FDD-8F94-531DFC28D166}
		{BAE6EFD0-1A10-4F38-AB8D-7ACB3570200A} = {BAE6EFD0-1A10-4F38-AB8D-7ACB3570200A}
		{A24BACED-451D-4120-A386-136A963C3C72} = {A24BACED-451D-4120-A386-136A963C3C72}
	EndProjectSection
EndProject
Project("{8BC9CEB8-8B4A-11D0-8D11-00A0C91BC942}") = "ionScience", "ionScience\ionScience.vcxproj", "{A629442A-C32C-4949-AA1D-E2118521DBAD}"
EndProject
Project("{8BC9CEB8-8B4A-11D0-8D11-00A0C91BC942}") = "ionWindow", "ionWindow\ionWindow.vcxproj", "{62BCAA9D-AC23-4C67-ADD3-BFF802DC4B62}"
	ProjectSection(ProjectDependencies) = postProject
		{4D2A1D18-B056-4CD5-B5D7-DB3B699F19B7} = {4D2A1D18-B056-4CD5-B5D7-DB3B699F19B7}
		{B8548F57-DF33-4215-AE44-83CF8BCF18C1} = {B8548F57-DF33-4215-AE44-83CF8BCF18C1}
		{BAE6EFD0-1A10-4F38-AB8D-7ACB3570200A} = {BAE6EFD0-1A10-4F38-AB8D-7ACB3570200A}
		{A24BACED-451D-4120-A386-136A963C3C72} = {A24BACED-451D-4120-A386-136A963C3C72}
	EndProjectSection
EndProject
Project("{2150E333-8FDC-42A3-9474-1A3956D46DE8}") = "Include", "Include", "{A69E0D16-25DF-4226-878D-91224A10551C}"
	ProjectSection(SolutionItems) = preProject
		Include\ionConfig.h = Include\ionConfig.h
		Include\ionEngine.h = Include\ionEngine.h
	EndProjectSection
EndProject
Project("{2150E333-8FDC-42A3-9474-1A3956D46DE8}") = "Libraries", "Libraries", "{EAB41B6E-7AAE-4A64-A98E-A0ACE574E0A1}"
	ProjectSection(SolutionItems) = preProject
		Include\ionAnimation.h = Include\ionAnimation.h
		Include\ionAsset.h = Include\ionAsset.h
		Include\ionBootstrap.h = Include\ionBootstrap.h
		Include\ionCore.h = Include\ionCore.h
		Include\ionFramework.h = Include\ionFramework.h
		Include\ionGL.h = Include\ionGL.h
		Include\ionGraphics.h = Include\ionGraphics.h
		Include\ionGUI.h = Include\ionGUI.h
		Include\ionMath.h = Include\ionMath.h
		Include\ionScene.h = Include\ionScene.h
		Include\ionScience.h = Include\ionScience.h
		Include\ionWindow.h = Include\ionWindow.h
	EndProjectSection
EndProject
Project("{8BC9CEB8-8B4A-11D0-8D11-00A0C91BC942}") = "TestCore", "TestCore\TestCore.vcxproj", "{56E0477E-8C3D-4FA3-9E44-D2981E61D462}"
	ProjectSection(ProjectDependencies) = postProject
		{4D2A1D18-B056-4CD5-B5D7-DB3B699F19B7} = {4D2A1D18-B056-4CD5-B5D7-DB3B699F19B7}
	EndProjectSection
EndProject
Global
	GlobalSection(SolutionConfigurationPlatforms) = preSolution
		Debug|x64 = Debug|x64
		Release|x64 = Release|x64
	EndGlobalSection
	GlobalSection(ProjectConfigurationPlatforms) = postSolution
		{03C6DAB6-20CA-4279-A89E-087373B27805}.Debug|x64.ActiveCfg = Debug|x64
		{03C6DAB6-20CA-4279-A89E-087373B27805}.Debug|x64.Build.0 = Debug|x64
		{03C6DAB6-20CA-4279-A89E-087373B27805}.Release|x64.ActiveCfg = Release|x64
		{03C6DAB6-20CA-4279-A89E-087373B27805}.Release|x64.Build.0 = Release|x64
		{6F837E71-5954-4D08-B1BE-598C8FDF021E}.Debug|x64.ActiveCfg = Debug|x64
		{6F837E71-5954-4D08-B1BE-598C8FDF021E}.Debug|x64.Build.0 = Debug|x64
		{6F837E71-5954-4D08-B1BE-598C8FDF021E}.Release|x64.ActiveCfg = Release|x64
		{6F837E71-5954-4D08-B1BE-598C8FDF021E}.Release|x64.Build.0 = Release|x64
		{791485D8-0C8C-48C2-B943-6E10C34860C0}.Debug|x64.ActiveCfg = Debug|x64
		{791485D8-0C8C-48C2-B943-6E10C34860C0}.Debug|x64.Build.0 = Debug|x64
		{791485D8-0C8C-48C2-B943-6E10C34860C0}.Release|x64.ActiveCfg = Release|x64
		{791485D8-0C8C-48C2-B943-6E10C34860C0}.Release|x64.Build.0 = Release|x64
		{2C29A580-43CE-41B2-BBE9-726F759B9642}.Debug|x64.ActiveCfg = Debug|x64
		{2C29A580-43CE-41B2-BBE9-726F759B9642}.Debug|x64.Build.0 = Debug|x64
		{2C29A580-43CE-41B2-BBE9-726F759B9642}.Release|x64.ActiveCfg = Release|x64
		{2C29A580-43CE-41B2-BBE9-726F759B9642}.Release|x64.Build.0 = Release|x64
		{8C46A561-981F-447F-BD14-B96007179478}.Debug|x64.ActiveCfg = Debug|x64
		{8C46A561-981F-447F-BD14-B96007179478}.Debug|x64.Build.0 = Debug|x64
		{8C46A561-981F-447F-BD14-B96007179478}.Release|x64.ActiveCfg = Release|x64
		{8C46A561-981F-447F-BD14-B96007179478}.Release|x64.Build.0 = Release|x64
		{8B3851E1-6FEE-4A00-87D8-94A9BB15A209}.Debug|x64.ActiveCfg = Debug|x64
		{8B3851E1-6FEE-4A00-87D8-94A9BB15A209}.Debug|x64.Build.0 = Debug|x64
		{8B3851E1-6FEE-4A00-87D8-94A9BB15A209}.Release|x64.ActiveCfg = Release|x64
		{8B3851E1-6FEE-4A00-87D8-94A9BB15A209}.Release|x64.Build.0 = Release|x64
		{2D08659B-B706-4A3C-95C0-9294710DC5EE}.Debug|x64.ActiveCfg = Debug|x64
		{2D08659B-B706-4A3C-95C0-9294710DC5EE}.Debug|x64.Build.0 = Debug|x64
		{2D08659B-B706-4A3C-95C0-9294710DC5EE}.Release|x64.ActiveCfg = Release|x64
		{2D08659B-B706-4A3C-95C0-9294710DC5EE}.Release|x64.Build.0 = Release|x64
		{FAB7E8A3-2842-43ED-A823-A3EE4CD514E9}.Debug|x64.ActiveCfg = Debug|x64
		{FAB7E8A3-2842-43ED-A823-A3EE4CD514E9}.Debug|x64.Build.0 = Debug|x64
		{FAB7E8A3-2842-43ED-A823-A3EE4CD514E9}.Release|x64.ActiveCfg = Release|x64
		{FAB7E8A3-2842-43ED-A823-A3EE4CD514E9}.Release|x64.Build.0 = Release|x64
		{1FDC44C8-0538-4FDD-8F94-531DFC28D166}.Debug|x64.ActiveCfg = Debug|x64
		{1FDC44C8-0538-4FDD-8F94-531DFC28D166}.Debug|x64.Build.0 = Debug|x64
		{1FDC44C8-0538-4FDD-8F94-531DFC28D166}.Release|x64.ActiveCfg = Release|x64
		{1FDC44C8-0538-4FDD-8F94-531DFC28D166}.Release|x64.Build.0 = Release|x64
		{7068F000-7E6D-4C8D-BAA0-AA400841AC98}.Debug|x64.ActiveCfg = Debug|x64
		{7068F000-7E6D-4C8D-BAA0-AA400841AC98}.Debug|x64.Build.0 = Debug|x64
		{7068F000-7E6D-4C8D-BAA0-AA400841AC98}.Release|x64.ActiveCfg = Release|x64
		{7068F000-7E6D-4C8D-BAA0-AA400841AC98}.Release|x64.Build.0 = Release|x64
		{4D2A1D18-B056-4CD5-B5D7-DB3B699F19B7}.Debug|x64.ActiveCfg = Debug|x64
		{4D2A1D18-B056-4CD5-B5D7-DB3B699F19B7}.Debug|x64.Build.0 = Debug|x64
		{4D2A1D18-B056-4CD5-B5D7-DB3B699F19B7}.Release|x64.ActiveCfg = Release|x64
		{4D2A1D18-B056-4CD5-B5D7-DB3B699F19B7}.Release|x64.Build.0 = Release|x64
		{B8548F57-DF33-4215-AE44-83CF8BCF18C1}.Debug|x64.ActiveCfg = Debug|x64
		{B8548F57-DF33-4215-AE44-83CF8BCF18C1}.Debug|x64.Build.0 = Debug|x64
		{B8548F57-DF33-4215-AE44-83CF8BCF18C1}.Release|x64.ActiveCfg = Release|x64
		{B8548F57-DF33-4215-AE44-83CF8BCF18C1}.Release|x64.Build.0 = Release|x64
		{BAE6EFD0-1A10-4F38-AB8D-7ACB3570200A}.Debug|x64.ActiveCfg = Debug|x64
		{BAE6EFD0-1A10-4F38-AB8D-7ACB3570200A}.Debug|x64.Build.0 = Debug|x64
		{BAE6EFD0-1A10-4F38-AB8D-7ACB3570200A}.Release|x64.ActiveCfg = Release|x64
		{BAE6EFD0-1A10-4F38-AB8D-7ACB3570200A}.Release|x64.Build.0 = Release|x64
		{B9BEDC8B-802D-48AB-B6D4-8A2CAD197F35}.Debug|x64.ActiveCfg = Debug|x64
		{B9BEDC8B-802D-48AB-B6D4-8A2CAD197F35}.Debug|x64.Build.0 = Debug|x64
		{B9BEDC8B-802D-48AB-B6D4-8A2CAD197F35}.Release|x64.ActiveCfg = Release|x64
		{B9BEDC8B-802D-48AB-B6D4-8A2CAD197F35}.Release|x64.Build.0 = Release|x64
		{A24BACED-451D-4120-A386-136A963C3C72}.Debug|x64.ActiveCfg = Debug|x64
		{A24BACED-451D-4120-A386-136A963C3C72}.Debug|x64.Build.0 = Debug|x64
		{A24BACED-451D-4120-A386-136A963C3C72}.Release|x64.ActiveCfg = Release|x64
		{A24BACED-451D-4120-A386-136A963C3C72}.Release|x64.Build.0 = Release|x64
		{60FDFD9C-F812-4BDE-B62F-F7BC8F2C0792}.Debug|x64.ActiveCfg = Debug|x64
		{60FDFD9C-F812-4BDE-B62F-F7BC8F2C0792}.Debug|x64.Build.0 = Debug|x64
		{60FDFD9C-F812-4BDE-B62F-F7BC8F2C0792}.Release|x64.ActiveCfg = Release|x64
		{60FDFD9C-F812-4BDE-B62F-F7BC8F2C0792}.Release|x64.Build.0 = Release|x64
		{A629442A-C32C-4949-AA1D-E2118521DBAD}.Debug|x64.ActiveCfg = Debug|x64
		{A629442A-C32C-4949-AA1D-E2118521DBAD}.Debug|x64.Build.0 = Debug|x64
		{A629442A-C32C-4949-AA1D-E2118521DBAD}.Release|x64.ActiveCfg = Release|x64
		{A629442A-C32C-4949-AA1D-E2118521DBAD}.Release|x64.Build.0 = Release|x64
		{62BCAA9D-AC23-4C67-ADD3-BFF802DC4B62}.Debug|x64.ActiveCfg = Debug|x64
		{62BCAA9D-AC23-4C67-ADD3-BFF802DC4B62}.Debug|x64.Build.0 = Debug|x64
		{62BCAA9D-AC23-4C67-ADD3-BFF802DC4B62}.Release|x64.ActiveCfg = Release|x64
		{62BCAA9D-AC23-4C67-ADD3-BFF802DC4B62}.Release|x64.Build.0 = Release|x64
		{56E0477E-8C3D-4FA3-9E44-D2981E61D462}.Debug|x64.ActiveCfg = Debug|x64
		{56E0477E-8C3D-4FA3-9E44-D2981E61D462}.Debug|x64.Build.0 = Debug|x64
		{56E0477E-8C3D-4FA3-9E44-D2981E61D462}.Release|x64.ActiveCfg = Release|x64
		{56E0477E-8C3D-4FA3-9E44-D2981E61D462}.Release|x64.Build.0 = Release|x64
	EndGlobalSection
	GlobalSection(SolutionProperties) = preSolution
		HideSolutionNode = FALSE
	EndGlobalSection
EndGlobal
