
Microsoft Visual Studio Solution File, Format Version 12.00
# Visual Studio 15
VisualStudioVersion = 15.0.26430.14
MinimumVisualStudioVersion = 10.0.40219.1
Project("{8BC9CEB8-8B4A-11D0-8D11-00A0C91BC942}") = "Demo01-WindowManager", "Demo01-WindowManager\Demo01-WindowManager.vcxproj", "{03C6DAB6-20CA-4279-A89E-087373B27805}"
	ProjectSection(ProjectDependencies) = postProject
		{4D2A1D18-B056-4CD5-B5D7-DB3B699F19B7} = {4D2A1D18-B056-4CD5-B5D7-DB3B699F19B7}
		{62BCAA9D-AC23-4C67-ADD3-BFF802DC4B62} = {62BCAA9D-AC23-4C67-ADD3-BFF802DC4B62}
		{BAE6EFD0-1A10-4F38-AB8D-7ACB3570200A} = {BAE6EFD0-1A10-4F38-AB8D-7ACB3570200A}
		{21F131D8-D333-4188-A27B-3E75425D6F7F} = {21F131D8-D333-4188-A27B-3E75425D6F7F}
		{A24BACED-451D-4120-A386-136A963C3C72} = {A24BACED-451D-4120-A386-136A963C3C72}
	EndProjectSection
EndProject
Project("{8BC9CEB8-8B4A-11D0-8D11-00A0C91BC942}") = "Demo02-GL", "Demo02-GL\Demo02-GL.vcxproj", "{6F837E71-5954-4D08-B1BE-598C8FDF021E}"
	ProjectSection(ProjectDependencies) = postProject
		{4D2A1D18-B056-4CD5-B5D7-DB3B699F19B7} = {4D2A1D18-B056-4CD5-B5D7-DB3B699F19B7}
		{62BCAA9D-AC23-4C67-ADD3-BFF802DC4B62} = {62BCAA9D-AC23-4C67-ADD3-BFF802DC4B62}
		{BAE6EFD0-1A10-4F38-AB8D-7ACB3570200A} = {BAE6EFD0-1A10-4F38-AB8D-7ACB3570200A}
		{21F131D8-D333-4188-A27B-3E75425D6F7F} = {21F131D8-D333-4188-A27B-3E75425D6F7F}
		{A24BACED-451D-4120-A386-136A963C3C72} = {A24BACED-451D-4120-A386-136A963C3C72}
	EndProjectSection
EndProject
Project("{8BC9CEB8-8B4A-11D0-8D11-00A0C91BC942}") = "Demo03-GUI", "Demo03-GUI\Demo03-GUI.vcxproj", "{2C29A580-43CE-41B2-BBE9-726F759B9642}"
	ProjectSection(ProjectDependencies) = postProject
		{4D2A1D18-B056-4CD5-B5D7-DB3B699F19B7} = {4D2A1D18-B056-4CD5-B5D7-DB3B699F19B7}
		{B9BEDC8B-802D-48AB-B6D4-8A2CAD197F35} = {B9BEDC8B-802D-48AB-B6D4-8A2CAD197F35}
		{62BCAA9D-AC23-4C67-ADD3-BFF802DC4B62} = {62BCAA9D-AC23-4C67-ADD3-BFF802DC4B62}
		{BAE6EFD0-1A10-4F38-AB8D-7ACB3570200A} = {BAE6EFD0-1A10-4F38-AB8D-7ACB3570200A}
		{21F131D8-D333-4188-A27B-3E75425D6F7F} = {21F131D8-D333-4188-A27B-3E75425D6F7F}
		{A24BACED-451D-4120-A386-136A963C3C72} = {A24BACED-451D-4120-A386-136A963C3C72}
	EndProjectSection
EndProject
Project("{8BC9CEB8-8B4A-11D0-8D11-00A0C91BC942}") = "ionAnimation", "ionAnimation\ionAnimation.vcxproj", "{FAB7E8A3-2842-43ED-A823-A3EE4CD514E9}"
	ProjectSection(ProjectDependencies) = postProject
		{4D2A1D18-B056-4CD5-B5D7-DB3B699F19B7} = {4D2A1D18-B056-4CD5-B5D7-DB3B699F19B7}
		{A24BACED-451D-4120-A386-136A963C3C72} = {A24BACED-451D-4120-A386-136A963C3C72}
	EndProjectSection
EndProject
Project("{8BC9CEB8-8B4A-11D0-8D11-00A0C91BC942}") = "ionCore", "ionCore\ionCore.vcxproj", "{4D2A1D18-B056-4CD5-B5D7-DB3B699F19B7}"
EndProject
Project("{8BC9CEB8-8B4A-11D0-8D11-00A0C91BC942}") = "ionGraphics", "ionGraphics\ionGraphics.vcxproj", "{21F131D8-D333-4188-A27B-3E75425D6F7F}"
	ProjectSection(ProjectDependencies) = postProject
		{4D2A1D18-B056-4CD5-B5D7-DB3B699F19B7} = {4D2A1D18-B056-4CD5-B5D7-DB3B699F19B7}
		{A24BACED-451D-4120-A386-136A963C3C72} = {A24BACED-451D-4120-A386-136A963C3C72}
	EndProjectSection
EndProject
Project("{8BC9CEB8-8B4A-11D0-8D11-00A0C91BC942}") = "ionGraphicsGL", "ionGraphicsGL\ionGraphicsGL.vcxproj", "{BAE6EFD0-1A10-4F38-AB8D-7ACB3570200A}"
	ProjectSection(ProjectDependencies) = postProject
		{4D2A1D18-B056-4CD5-B5D7-DB3B699F19B7} = {4D2A1D18-B056-4CD5-B5D7-DB3B699F19B7}
		{62BCAA9D-AC23-4C67-ADD3-BFF802DC4B62} = {62BCAA9D-AC23-4C67-ADD3-BFF802DC4B62}
		{21F131D8-D333-4188-A27B-3E75425D6F7F} = {21F131D8-D333-4188-A27B-3E75425D6F7F}
		{A24BACED-451D-4120-A386-136A963C3C72} = {A24BACED-451D-4120-A386-136A963C3C72}
	EndProjectSection
EndProject
Project("{8BC9CEB8-8B4A-11D0-8D11-00A0C91BC942}") = "ionGUI", "ionGUI\ionGUI.vcxproj", "{B9BEDC8B-802D-48AB-B6D4-8A2CAD197F35}"
	ProjectSection(ProjectDependencies) = postProject
		{4D2A1D18-B056-4CD5-B5D7-DB3B699F19B7} = {4D2A1D18-B056-4CD5-B5D7-DB3B699F19B7}
		{62BCAA9D-AC23-4C67-ADD3-BFF802DC4B62} = {62BCAA9D-AC23-4C67-ADD3-BFF802DC4B62}
		{BAE6EFD0-1A10-4F38-AB8D-7ACB3570200A} = {BAE6EFD0-1A10-4F38-AB8D-7ACB3570200A}
		{21F131D8-D333-4188-A27B-3E75425D6F7F} = {21F131D8-D333-4188-A27B-3E75425D6F7F}
	EndProjectSection
EndProject
Project("{8BC9CEB8-8B4A-11D0-8D11-00A0C91BC942}") = "ionMath", "ionMath\ionMath.vcxproj", "{A24BACED-451D-4120-A386-136A963C3C72}"
	ProjectSection(ProjectDependencies) = postProject
		{4D2A1D18-B056-4CD5-B5D7-DB3B699F19B7} = {4D2A1D18-B056-4CD5-B5D7-DB3B699F19B7}
	EndProjectSection
EndProject
Project("{8BC9CEB8-8B4A-11D0-8D11-00A0C91BC942}") = "ionScene", "ionScene\ionScene.vcxproj", "{60FDFD9C-F812-4BDE-B62F-F7BC8F2C0792}"
	ProjectSection(ProjectDependencies) = postProject
		{4D2A1D18-B056-4CD5-B5D7-DB3B699F19B7} = {4D2A1D18-B056-4CD5-B5D7-DB3B699F19B7}
		{62BCAA9D-AC23-4C67-ADD3-BFF802DC4B62} = {62BCAA9D-AC23-4C67-ADD3-BFF802DC4B62}
		{BAE6EFD0-1A10-4F38-AB8D-7ACB3570200A} = {BAE6EFD0-1A10-4F38-AB8D-7ACB3570200A}
		{A24BACED-451D-4120-A386-136A963C3C72} = {A24BACED-451D-4120-A386-136A963C3C72}
	EndProjectSection
EndProject
Project("{8BC9CEB8-8B4A-11D0-8D11-00A0C91BC942}") = "ionScience", "ionScience\ionScience.vcxproj", "{A629442A-C32C-4949-AA1D-E2118521DBAD}"
	ProjectSection(ProjectDependencies) = postProject
		{4D2A1D18-B056-4CD5-B5D7-DB3B699F19B7} = {4D2A1D18-B056-4CD5-B5D7-DB3B699F19B7}
		{B9BEDC8B-802D-48AB-B6D4-8A2CAD197F35} = {B9BEDC8B-802D-48AB-B6D4-8A2CAD197F35}
		{60FDFD9C-F812-4BDE-B62F-F7BC8F2C0792} = {60FDFD9C-F812-4BDE-B62F-F7BC8F2C0792}
		{62BCAA9D-AC23-4C67-ADD3-BFF802DC4B62} = {62BCAA9D-AC23-4C67-ADD3-BFF802DC4B62}
		{BAE6EFD0-1A10-4F38-AB8D-7ACB3570200A} = {BAE6EFD0-1A10-4F38-AB8D-7ACB3570200A}
		{21F131D8-D333-4188-A27B-3E75425D6F7F} = {21F131D8-D333-4188-A27B-3E75425D6F7F}
		{A24BACED-451D-4120-A386-136A963C3C72} = {A24BACED-451D-4120-A386-136A963C3C72}
	EndProjectSection
EndProject
Project("{8BC9CEB8-8B4A-11D0-8D11-00A0C91BC942}") = "ionWindow", "ionWindow\ionWindow.vcxproj", "{62BCAA9D-AC23-4C67-ADD3-BFF802DC4B62}"
	ProjectSection(ProjectDependencies) = postProject
		{4D2A1D18-B056-4CD5-B5D7-DB3B699F19B7} = {4D2A1D18-B056-4CD5-B5D7-DB3B699F19B7}
		{21F131D8-D333-4188-A27B-3E75425D6F7F} = {21F131D8-D333-4188-A27B-3E75425D6F7F}
		{A24BACED-451D-4120-A386-136A963C3C72} = {A24BACED-451D-4120-A386-136A963C3C72}
	EndProjectSection
EndProject
Project("{8BC9CEB8-8B4A-11D0-8D11-00A0C91BC942}") = "TestDeployment", "TestDeployment\TestDeployment.vcxproj", "{2D08659B-B706-4A3C-95C0-9294710DC5EE}"
	ProjectSection(ProjectDependencies) = postProject
		{4D2A1D18-B056-4CD5-B5D7-DB3B699F19B7} = {4D2A1D18-B056-4CD5-B5D7-DB3B699F19B7}
	EndProjectSection
EndProject
Project("{8BC9CEB8-8B4A-11D0-8D11-00A0C91BC942}") = "TestUnits", "TestUnits\TestUnits.vcxproj", "{56E0477E-8C3D-4FA3-9E44-D2981E61D462}"
	ProjectSection(ProjectDependencies) = postProject
		{4D2A1D18-B056-4CD5-B5D7-DB3B699F19B7} = {4D2A1D18-B056-4CD5-B5D7-DB3B699F19B7}
		{A629442A-C32C-4949-AA1D-E2118521DBAD} = {A629442A-C32C-4949-AA1D-E2118521DBAD}
		{B9BEDC8B-802D-48AB-B6D4-8A2CAD197F35} = {B9BEDC8B-802D-48AB-B6D4-8A2CAD197F35}
		{60FDFD9C-F812-4BDE-B62F-F7BC8F2C0792} = {60FDFD9C-F812-4BDE-B62F-F7BC8F2C0792}
		{62BCAA9D-AC23-4C67-ADD3-BFF802DC4B62} = {62BCAA9D-AC23-4C67-ADD3-BFF802DC4B62}
		{FAB7E8A3-2842-43ED-A823-A3EE4CD514E9} = {FAB7E8A3-2842-43ED-A823-A3EE4CD514E9}
		{7C2914A9-0BCE-4848-939E-8C124D446708} = {7C2914A9-0BCE-4848-939E-8C124D446708}
		{BAE6EFD0-1A10-4F38-AB8D-7ACB3570200A} = {BAE6EFD0-1A10-4F38-AB8D-7ACB3570200A}
		{21F131D8-D333-4188-A27B-3E75425D6F7F} = {21F131D8-D333-4188-A27B-3E75425D6F7F}
		{A24BACED-451D-4120-A386-136A963C3C72} = {A24BACED-451D-4120-A386-136A963C3C72}
	EndProjectSection
EndProject
Project("{2150E333-8FDC-42A3-9474-1A3956D46DE8}") = "Include", "Include", "{A69E0D16-25DF-4226-878D-91224A10551C}"
	ProjectSection(SolutionItems) = preProject
		Include\ionConfig.h = Include\ionConfig.h
		Include\ionEngine.h = Include\ionEngine.h
	EndProjectSection
EndProject
Project("{2150E333-8FDC-42A3-9474-1A3956D46DE8}") = "Libraries", "Libraries", "{EAB41B6E-7AAE-4A64-A98E-A0ACE574E0A1}"
	ProjectSection(SolutionItems) = preProject
		Include\ionAnimation.h = Include\ionAnimation.h
		Include\ionApplication.h = Include\ionApplication.h
		Include\ionBootstrap.h = Include\ionBootstrap.h
		Include\ionCore.h = Include\ionCore.h
		Include\ionGraphics.h = Include\ionGraphics.h
		Include\ionGraphicsGL.h = Include\ionGraphicsGL.h
		Include\ionGUI.h = Include\ionGUI.h
		Include\ionMath.h = Include\ionMath.h
		Include\ionScene.h = Include\ionScene.h
		Include\ionScience.h = Include\ionScience.h
		Include\ionWindow.h = Include\ionWindow.h
	EndProjectSection
EndProject
Project("{8BC9CEB8-8B4A-11D0-8D11-00A0C91BC942}") = "Demo04-Scene", "Demo04-Scene\Demo04-Scene.vcxproj", "{8C46A561-981F-447F-BD14-B96007179478}"
	ProjectSection(ProjectDependencies) = postProject
		{4D2A1D18-B056-4CD5-B5D7-DB3B699F19B7} = {4D2A1D18-B056-4CD5-B5D7-DB3B699F19B7}
		{60FDFD9C-F812-4BDE-B62F-F7BC8F2C0792} = {60FDFD9C-F812-4BDE-B62F-F7BC8F2C0792}
		{62BCAA9D-AC23-4C67-ADD3-BFF802DC4B62} = {62BCAA9D-AC23-4C67-ADD3-BFF802DC4B62}
		{BAE6EFD0-1A10-4F38-AB8D-7ACB3570200A} = {BAE6EFD0-1A10-4F38-AB8D-7ACB3570200A}
		{21F131D8-D333-4188-A27B-3E75425D6F7F} = {21F131D8-D333-4188-A27B-3E75425D6F7F}
		{A24BACED-451D-4120-A386-136A963C3C72} = {A24BACED-451D-4120-A386-136A963C3C72}
	EndProjectSection
EndProject
Project("{8BC9CEB8-8B4A-11D0-8D11-00A0C91BC942}") = "ionApplication", "ionApplication\ionApplication.vcxproj", "{7C2914A9-0BCE-4848-939E-8C124D446708}"
	ProjectSection(ProjectDependencies) = postProject
		{4D2A1D18-B056-4CD5-B5D7-DB3B699F19B7} = {4D2A1D18-B056-4CD5-B5D7-DB3B699F19B7}
		{B9BEDC8B-802D-48AB-B6D4-8A2CAD197F35} = {B9BEDC8B-802D-48AB-B6D4-8A2CAD197F35}
		{60FDFD9C-F812-4BDE-B62F-F7BC8F2C0792} = {60FDFD9C-F812-4BDE-B62F-F7BC8F2C0792}
		{62BCAA9D-AC23-4C67-ADD3-BFF802DC4B62} = {62BCAA9D-AC23-4C67-ADD3-BFF802DC4B62}
		{21F131D8-D333-4188-A27B-3E75425D6F7F} = {21F131D8-D333-4188-A27B-3E75425D6F7F}
		{A24BACED-451D-4120-A386-136A963C3C72} = {A24BACED-451D-4120-A386-136A963C3C72}
	EndProjectSection
EndProject
Project("{8BC9CEB8-8B4A-11D0-8D11-00A0C91BC942}") = "Demo05-Application", "Demo05-Application\Demo05-Application.vcxproj", "{8B3851E1-6FEE-4A00-87D8-94A9BB15A209}"
	ProjectSection(ProjectDependencies) = postProject
		{4D2A1D18-B056-4CD5-B5D7-DB3B699F19B7} = {4D2A1D18-B056-4CD5-B5D7-DB3B699F19B7}
		{60FDFD9C-F812-4BDE-B62F-F7BC8F2C0792} = {60FDFD9C-F812-4BDE-B62F-F7BC8F2C0792}
		{62BCAA9D-AC23-4C67-ADD3-BFF802DC4B62} = {62BCAA9D-AC23-4C67-ADD3-BFF802DC4B62}
		{7C2914A9-0BCE-4848-939E-8C124D446708} = {7C2914A9-0BCE-4848-939E-8C124D446708}
		{BAE6EFD0-1A10-4F38-AB8D-7ACB3570200A} = {BAE6EFD0-1A10-4F38-AB8D-7ACB3570200A}
		{21F131D8-D333-4188-A27B-3E75425D6F7F} = {21F131D8-D333-4188-A27B-3E75425D6F7F}
		{A24BACED-451D-4120-A386-136A963C3C72} = {A24BACED-451D-4120-A386-136A963C3C72}
	EndProjectSection
EndProject
Global
	GlobalSection(SolutionConfigurationPlatforms) = preSolution
		Debug|x64 = Debug|x64
		Release|x64 = Release|x64
	EndGlobalSection
	GlobalSection(ProjectConfigurationPlatforms) = postSolution
		{03C6DAB6-20CA-4279-A89E-087373B27805}.Debug|x64.ActiveCfg = Debug|x64
		{03C6DAB6-20CA-4279-A89E-087373B27805}.Debug|x64.Build.0 = Debug|x64
		{03C6DAB6-20CA-4279-A89E-087373B27805}.Release|x64.ActiveCfg = Release|x64
		{03C6DAB6-20CA-4279-A89E-087373B27805}.Release|x64.Build.0 = Release|x64
		{6F837E71-5954-4D08-B1BE-598C8FDF021E}.Debug|x64.ActiveCfg = Debug|x64
		{6F837E71-5954-4D08-B1BE-598C8FDF021E}.Debug|x64.Build.0 = Debug|x64
		{6F837E71-5954-4D08-B1BE-598C8FDF021E}.Release|x64.ActiveCfg = Release|x64
		{6F837E71-5954-4D08-B1BE-598C8FDF021E}.Release|x64.Build.0 = Release|x64
		{2C29A580-43CE-41B2-BBE9-726F759B9642}.Debug|x64.ActiveCfg = Debug|x64
		{2C29A580-43CE-41B2-BBE9-726F759B9642}.Debug|x64.Build.0 = Debug|x64
		{2C29A580-43CE-41B2-BBE9-726F759B9642}.Release|x64.ActiveCfg = Release|x64
		{2C29A580-43CE-41B2-BBE9-726F759B9642}.Release|x64.Build.0 = Release|x64
		{FAB7E8A3-2842-43ED-A823-A3EE4CD514E9}.Debug|x64.ActiveCfg = Debug|x64
		{FAB7E8A3-2842-43ED-A823-A3EE4CD514E9}.Debug|x64.Build.0 = Debug|x64
		{FAB7E8A3-2842-43ED-A823-A3EE4CD514E9}.Release|x64.ActiveCfg = Release|x64
		{FAB7E8A3-2842-43ED-A823-A3EE4CD514E9}.Release|x64.Build.0 = Release|x64
		{4D2A1D18-B056-4CD5-B5D7-DB3B699F19B7}.Debug|x64.ActiveCfg = Debug|x64
		{4D2A1D18-B056-4CD5-B5D7-DB3B699F19B7}.Debug|x64.Build.0 = Debug|x64
		{4D2A1D18-B056-4CD5-B5D7-DB3B699F19B7}.Release|x64.ActiveCfg = Release|x64
		{4D2A1D18-B056-4CD5-B5D7-DB3B699F19B7}.Release|x64.Build.0 = Release|x64
		{21F131D8-D333-4188-A27B-3E75425D6F7F}.Debug|x64.ActiveCfg = Debug|x64
		{21F131D8-D333-4188-A27B-3E75425D6F7F}.Debug|x64.Build.0 = Debug|x64
		{21F131D8-D333-4188-A27B-3E75425D6F7F}.Release|x64.ActiveCfg = Release|x64
		{21F131D8-D333-4188-A27B-3E75425D6F7F}.Release|x64.Build.0 = Release|x64
		{BAE6EFD0-1A10-4F38-AB8D-7ACB3570200A}.Debug|x64.ActiveCfg = Debug|x64
		{BAE6EFD0-1A10-4F38-AB8D-7ACB3570200A}.Debug|x64.Build.0 = Debug|x64
		{BAE6EFD0-1A10-4F38-AB8D-7ACB3570200A}.Release|x64.ActiveCfg = Release|x64
		{BAE6EFD0-1A10-4F38-AB8D-7ACB3570200A}.Release|x64.Build.0 = Release|x64
		{B9BEDC8B-802D-48AB-B6D4-8A2CAD197F35}.Debug|x64.ActiveCfg = Debug|x64
		{B9BEDC8B-802D-48AB-B6D4-8A2CAD197F35}.Debug|x64.Build.0 = Debug|x64
		{B9BEDC8B-802D-48AB-B6D4-8A2CAD197F35}.Release|x64.ActiveCfg = Release|x64
		{B9BEDC8B-802D-48AB-B6D4-8A2CAD197F35}.Release|x64.Build.0 = Release|x64
		{A24BACED-451D-4120-A386-136A963C3C72}.Debug|x64.ActiveCfg = Debug|x64
		{A24BACED-451D-4120-A386-136A963C3C72}.Debug|x64.Build.0 = Debug|x64
		{A24BACED-451D-4120-A386-136A963C3C72}.Release|x64.ActiveCfg = Release|x64
		{A24BACED-451D-4120-A386-136A963C3C72}.Release|x64.Build.0 = Release|x64
		{60FDFD9C-F812-4BDE-B62F-F7BC8F2C0792}.Debug|x64.ActiveCfg = Debug|x64
		{60FDFD9C-F812-4BDE-B62F-F7BC8F2C0792}.Debug|x64.Build.0 = Debug|x64
		{60FDFD9C-F812-4BDE-B62F-F7BC8F2C0792}.Release|x64.ActiveCfg = Release|x64
		{60FDFD9C-F812-4BDE-B62F-F7BC8F2C0792}.Release|x64.Build.0 = Release|x64
		{A629442A-C32C-4949-AA1D-E2118521DBAD}.Debug|x64.ActiveCfg = Debug|x64
		{A629442A-C32C-4949-AA1D-E2118521DBAD}.Debug|x64.Build.0 = Debug|x64
		{A629442A-C32C-4949-AA1D-E2118521DBAD}.Release|x64.ActiveCfg = Release|x64
		{A629442A-C32C-4949-AA1D-E2118521DBAD}.Release|x64.Build.0 = Release|x64
		{62BCAA9D-AC23-4C67-ADD3-BFF802DC4B62}.Debug|x64.ActiveCfg = Debug|x64
		{62BCAA9D-AC23-4C67-ADD3-BFF802DC4B62}.Debug|x64.Build.0 = Debug|x64
		{62BCAA9D-AC23-4C67-ADD3-BFF802DC4B62}.Release|x64.ActiveCfg = Release|x64
		{62BCAA9D-AC23-4C67-ADD3-BFF802DC4B62}.Release|x64.Build.0 = Release|x64
		{2D08659B-B706-4A3C-95C0-9294710DC5EE}.Debug|x64.ActiveCfg = Debug|x64
		{2D08659B-B706-4A3C-95C0-9294710DC5EE}.Debug|x64.Build.0 = Debug|x64
		{2D08659B-B706-4A3C-95C0-9294710DC5EE}.Release|x64.ActiveCfg = Release|x64
		{2D08659B-B706-4A3C-95C0-9294710DC5EE}.Release|x64.Build.0 = Release|x64
		{56E0477E-8C3D-4FA3-9E44-D2981E61D462}.Debug|x64.ActiveCfg = Debug|x64
		{56E0477E-8C3D-4FA3-9E44-D2981E61D462}.Debug|x64.Build.0 = Debug|x64
		{56E0477E-8C3D-4FA3-9E44-D2981E61D462}.Release|x64.ActiveCfg = Release|x64
		{56E0477E-8C3D-4FA3-9E44-D2981E61D462}.Release|x64.Build.0 = Release|x64
		{8C46A561-981F-447F-BD14-B96007179478}.Debug|x64.ActiveCfg = Debug|x64
		{8C46A561-981F-447F-BD14-B96007179478}.Debug|x64.Build.0 = Debug|x64
		{8C46A561-981F-447F-BD14-B96007179478}.Release|x64.ActiveCfg = Release|x64
		{8C46A561-981F-447F-BD14-B96007179478}.Release|x64.Build.0 = Release|x64
		{7C2914A9-0BCE-4848-939E-8C124D446708}.Debug|x64.ActiveCfg = Debug|x64
		{7C2914A9-0BCE-4848-939E-8C124D446708}.Debug|x64.Build.0 = Debug|x64
		{7C2914A9-0BCE-4848-939E-8C124D446708}.Release|x64.ActiveCfg = Release|x64
		{7C2914A9-0BCE-4848-939E-8C124D446708}.Release|x64.Build.0 = Release|x64
		{8B3851E1-6FEE-4A00-87D8-94A9BB15A209}.Debug|x64.ActiveCfg = Debug|x64
		{8B3851E1-6FEE-4A00-87D8-94A9BB15A209}.Debug|x64.Build.0 = Debug|x64
		{8B3851E1-6FEE-4A00-87D8-94A9BB15A209}.Release|x64.ActiveCfg = Release|x64
		{8B3851E1-6FEE-4A00-87D8-94A9BB15A209}.Release|x64.Build.0 = Release|x64
	EndGlobalSection
	GlobalSection(SolutionProperties) = preSolution
		HideSolutionNode = FALSE
	EndGlobalSection
EndGlobal
