
Microsoft Visual Studio Solution File, Format Version 12.00
# Visual Studio 2013
VisualStudioVersion = 12.0.30110.0
MinimumVisualStudioVersion = 10.0.40219.1
Project("{8BC9CEB8-8B4A-11D0-8D11-00A0C91BC942}") = "ionCore", "ionCore\ionCore.vcxproj", "{4D2A1D18-B056-4CD5-B5D7-DB3B699F19B7}"
EndProject
Project("{8BC9CEB8-8B4A-11D0-8D11-00A0C91BC942}") = "ionScene", "ionScene\ionScene.vcxproj", "{60FDFD9C-F812-4BDE-B62F-F7BC8F2C0792}"
EndProject
Project("{8BC9CEB8-8B4A-11D0-8D11-00A0C91BC942}") = "ionMath", "ionMath\ionMath.vcxproj", "{A24BACED-451D-4120-A386-136A963C3C72}"
EndProject
Project("{8BC9CEB8-8B4A-11D0-8D11-00A0C91BC942}") = "TestDeployment", "TestDeployment\TestDeployment.vcxproj", "{2D08659B-B706-4A3C-95C0-9294710DC5EE}"
	ProjectSection(ProjectDependencies) = postProject
		{4D2A1D18-B056-4CD5-B5D7-DB3B699F19B7} = {4D2A1D18-B056-4CD5-B5D7-DB3B699F19B7}
	EndProjectSection
EndProject
Project("{8BC9CEB8-8B4A-11D0-8D11-00A0C91BC942}") = "ionGL", "ionGL\ionGL.vcxproj", "{BAE6EFD0-1A10-4F38-AB8D-7ACB3570200A}"
	ProjectSection(ProjectDependencies) = postProject
		{62BCAA9D-AC23-4C67-ADD3-BFF802DC4B62} = {62BCAA9D-AC23-4C67-ADD3-BFF802DC4B62}
	EndProjectSection
EndProject
Project("{8BC9CEB8-8B4A-11D0-8D11-00A0C91BC942}") = "ionGUI", "ionGUI\ionGUI.vcxproj", "{B9BEDC8B-802D-48AB-B6D4-8A2CAD197F35}"
EndProject
Project("{8BC9CEB8-8B4A-11D0-8D11-00A0C91BC942}") = "ionFramework", "ionFramework\ionFramework.vcxproj", "{B8548F57-DF33-4215-AE44-83CF8BCF18C1}"
EndProject
Project("{8BC9CEB8-8B4A-11D0-8D11-00A0C91BC942}") = "ionScience", "ionScience\ionScience.vcxproj", "{A629442A-C32C-4949-AA1D-E2118521DBAD}"
EndProject
Project("{2150E333-8FDC-42A3-9474-1A3956D46DE8}") = "Solution Items", "Solution Items", "{A69E0D16-25DF-4226-878D-91224A10551C}"
	ProjectSection(SolutionItems) = preProject
		ionAnimation.h = ionAnimation.h
		ionAsset.h = ionAsset.h
		ionBootstrap.h = ionBootstrap.h
		ionConfig.h = ionConfig.h
		ionCore.h = ionCore.h
		ionEngine.h = ionEngine.h
		ionFramework.h = ionFramework.h
		ionGL.h = ionGL.h
		ionGraphics.h = ionGraphics.h
		ionGUI.h = ionGUI.h
		ionMath.h = ionMath.h
		ionScene.h = ionScene.h
		ionScience.h = ionScience.h
		ionWindow.h = ionWindow.h
	EndProjectSection
EndProject
Project("{8BC9CEB8-8B4A-11D0-8D11-00A0C91BC942}") = "ionAnimation", "ionAnimation\ionAnimation.vcxproj", "{FAB7E8A3-2842-43ED-A823-A3EE4CD514E9}"
EndProject
Project("{8BC9CEB8-8B4A-11D0-8D11-00A0C91BC942}") = "ionAsset", "ionAsset\ionAsset.vcxproj", "{1FDC44C8-0538-4FDD-8F94-531DFC28D166}"
EndProject
Project("{8BC9CEB8-8B4A-11D0-8D11-00A0C91BC942}") = "ionGraphics", "ionGraphics\ionGraphics.vcxproj", "{463C7B23-416C-4F21-B643-10A82D600C8C}"
EndProject
Project("{8BC9CEB8-8B4A-11D0-8D11-00A0C91BC942}") = "TestWindowManager", "TestWindowManager\TestWindowManager.vcxproj", "{03C6DAB6-20CA-4279-A89E-087373B27805}"
	ProjectSection(ProjectDependencies) = postProject
		{62BCAA9D-AC23-4C67-ADD3-BFF802DC4B62} = {62BCAA9D-AC23-4C67-ADD3-BFF802DC4B62}
	EndProjectSection
EndProject
Project("{8BC9CEB8-8B4A-11D0-8D11-00A0C91BC942}") = "TestGL", "TestGL\TestGL.vcxproj", "{6F837E71-5954-4D08-B1BE-598C8FDF021E}"
	ProjectSection(ProjectDependencies) = postProject
		{BAE6EFD0-1A10-4F38-AB8D-7ACB3570200A} = {BAE6EFD0-1A10-4F38-AB8D-7ACB3570200A}
	EndProjectSection
EndProject
Project("{8BC9CEB8-8B4A-11D0-8D11-00A0C91BC942}") = "ionWindow", "ionWindow\ionWindow.vcxproj", "{62BCAA9D-AC23-4C67-ADD3-BFF802DC4B62}"
	ProjectSection(ProjectDependencies) = postProject
		{4D2A1D18-B056-4CD5-B5D7-DB3B699F19B7} = {4D2A1D18-B056-4CD5-B5D7-DB3B699F19B7}
		{B8548F57-DF33-4215-AE44-83CF8BCF18C1} = {B8548F57-DF33-4215-AE44-83CF8BCF18C1}
	EndProjectSection
EndProject
Project("{8BC9CEB8-8B4A-11D0-8D11-00A0C91BC942}") = "ionBootstrap", "ionBootstrap\ionBootstrap.vcxproj", "{7068F000-7E6D-4C8D-BAA0-AA400841AC98}"
EndProject
Project("{8BC9CEB8-8B4A-11D0-8D11-00A0C91BC942}") = "TestAsset", "TestAsset\TestAsset.vcxproj", "{791485D8-0C8C-48C2-B943-6E10C34860C0}"
	ProjectSection(ProjectDependencies) = postProject
		{62BCAA9D-AC23-4C67-ADD3-BFF802DC4B62} = {62BCAA9D-AC23-4C67-ADD3-BFF802DC4B62}
		{1FDC44C8-0538-4FDD-8F94-531DFC28D166} = {1FDC44C8-0538-4FDD-8F94-531DFC28D166}
		{BAE6EFD0-1A10-4F38-AB8D-7ACB3570200A} = {BAE6EFD0-1A10-4F38-AB8D-7ACB3570200A}
	EndProjectSection
EndProject
Project("{8BC9CEB8-8B4A-11D0-8D11-00A0C91BC942}") = "TestScene", "TestScene\TestScene.vcxproj", "{8C46A561-981F-447F-BD14-B96007179478}"
EndProject
Global
	GlobalSection(SolutionConfigurationPlatforms) = preSolution
		Debug|Win32 = Debug|Win32
		Release|Win32 = Release|Win32
	EndGlobalSection
	GlobalSection(ProjectConfigurationPlatforms) = postSolution
		{4D2A1D18-B056-4CD5-B5D7-DB3B699F19B7}.Debug|Win32.ActiveCfg = Debug|Win32
		{4D2A1D18-B056-4CD5-B5D7-DB3B699F19B7}.Debug|Win32.Build.0 = Debug|Win32
		{4D2A1D18-B056-4CD5-B5D7-DB3B699F19B7}.Release|Win32.ActiveCfg = Release|Win32
		{4D2A1D18-B056-4CD5-B5D7-DB3B699F19B7}.Release|Win32.Build.0 = Release|Win32
		{60FDFD9C-F812-4BDE-B62F-F7BC8F2C0792}.Debug|Win32.ActiveCfg = Debug|Win32
		{60FDFD9C-F812-4BDE-B62F-F7BC8F2C0792}.Debug|Win32.Build.0 = Debug|Win32
		{60FDFD9C-F812-4BDE-B62F-F7BC8F2C0792}.Release|Win32.ActiveCfg = Release|Win32
		{60FDFD9C-F812-4BDE-B62F-F7BC8F2C0792}.Release|Win32.Build.0 = Release|Win32
		{A24BACED-451D-4120-A386-136A963C3C72}.Debug|Win32.ActiveCfg = Debug|Win32
		{A24BACED-451D-4120-A386-136A963C3C72}.Debug|Win32.Build.0 = Debug|Win32
		{A24BACED-451D-4120-A386-136A963C3C72}.Release|Win32.ActiveCfg = Release|Win32
		{A24BACED-451D-4120-A386-136A963C3C72}.Release|Win32.Build.0 = Release|Win32
		{2D08659B-B706-4A3C-95C0-9294710DC5EE}.Debug|Win32.ActiveCfg = Debug|Win32
		{2D08659B-B706-4A3C-95C0-9294710DC5EE}.Debug|Win32.Build.0 = Debug|Win32
		{2D08659B-B706-4A3C-95C0-9294710DC5EE}.Release|Win32.ActiveCfg = Release|Win32
		{2D08659B-B706-4A3C-95C0-9294710DC5EE}.Release|Win32.Build.0 = Release|Win32
		{BAE6EFD0-1A10-4F38-AB8D-7ACB3570200A}.Debug|Win32.ActiveCfg = Debug|Win32
		{BAE6EFD0-1A10-4F38-AB8D-7ACB3570200A}.Debug|Win32.Build.0 = Debug|Win32
		{BAE6EFD0-1A10-4F38-AB8D-7ACB3570200A}.Release|Win32.ActiveCfg = Release|Win32
		{BAE6EFD0-1A10-4F38-AB8D-7ACB3570200A}.Release|Win32.Build.0 = Release|Win32
		{B9BEDC8B-802D-48AB-B6D4-8A2CAD197F35}.Debug|Win32.ActiveCfg = Debug|Win32
		{B9BEDC8B-802D-48AB-B6D4-8A2CAD197F35}.Release|Win32.ActiveCfg = Release|Win32
		{B8548F57-DF33-4215-AE44-83CF8BCF18C1}.Debug|Win32.ActiveCfg = Debug|Win32
		{B8548F57-DF33-4215-AE44-83CF8BCF18C1}.Debug|Win32.Build.0 = Debug|Win32
		{B8548F57-DF33-4215-AE44-83CF8BCF18C1}.Release|Win32.ActiveCfg = Release|Win32
		{B8548F57-DF33-4215-AE44-83CF8BCF18C1}.Release|Win32.Build.0 = Release|Win32
		{A629442A-C32C-4949-AA1D-E2118521DBAD}.Debug|Win32.ActiveCfg = Debug|Win32
		{A629442A-C32C-4949-AA1D-E2118521DBAD}.Release|Win32.ActiveCfg = Release|Win32
		{FAB7E8A3-2842-43ED-A823-A3EE4CD514E9}.Debug|Win32.ActiveCfg = Debug|Win32
		{FAB7E8A3-2842-43ED-A823-A3EE4CD514E9}.Release|Win32.ActiveCfg = Release|Win32
		{1FDC44C8-0538-4FDD-8F94-531DFC28D166}.Debug|Win32.ActiveCfg = Debug|Win32
		{1FDC44C8-0538-4FDD-8F94-531DFC28D166}.Debug|Win32.Build.0 = Debug|Win32
		{1FDC44C8-0538-4FDD-8F94-531DFC28D166}.Release|Win32.ActiveCfg = Release|Win32
		{1FDC44C8-0538-4FDD-8F94-531DFC28D166}.Release|Win32.Build.0 = Release|Win32
		{463C7B23-416C-4F21-B643-10A82D600C8C}.Debug|Win32.ActiveCfg = Debug|Win32
		{463C7B23-416C-4F21-B643-10A82D600C8C}.Release|Win32.ActiveCfg = Release|Win32
		{03C6DAB6-20CA-4279-A89E-087373B27805}.Debug|Win32.ActiveCfg = Debug|Win32
		{03C6DAB6-20CA-4279-A89E-087373B27805}.Debug|Win32.Build.0 = Debug|Win32
		{03C6DAB6-20CA-4279-A89E-087373B27805}.Release|Win32.ActiveCfg = Release|Win32
		{03C6DAB6-20CA-4279-A89E-087373B27805}.Release|Win32.Build.0 = Release|Win32
		{6F837E71-5954-4D08-B1BE-598C8FDF021E}.Debug|Win32.ActiveCfg = Debug|Win32
		{6F837E71-5954-4D08-B1BE-598C8FDF021E}.Debug|Win32.Build.0 = Debug|Win32
		{6F837E71-5954-4D08-B1BE-598C8FDF021E}.Release|Win32.ActiveCfg = Release|Win32
		{6F837E71-5954-4D08-B1BE-598C8FDF021E}.Release|Win32.Build.0 = Release|Win32
		{62BCAA9D-AC23-4C67-ADD3-BFF802DC4B62}.Debug|Win32.ActiveCfg = Debug|Win32
		{62BCAA9D-AC23-4C67-ADD3-BFF802DC4B62}.Debug|Win32.Build.0 = Debug|Win32
		{62BCAA9D-AC23-4C67-ADD3-BFF802DC4B62}.Release|Win32.ActiveCfg = Release|Win32
		{62BCAA9D-AC23-4C67-ADD3-BFF802DC4B62}.Release|Win32.Build.0 = Release|Win32
		{7068F000-7E6D-4C8D-BAA0-AA400841AC98}.Debug|Win32.ActiveCfg = Debug|Win32
		{7068F000-7E6D-4C8D-BAA0-AA400841AC98}.Release|Win32.ActiveCfg = Release|Win32
		{791485D8-0C8C-48C2-B943-6E10C34860C0}.Debug|Win32.ActiveCfg = Debug|Win32
		{791485D8-0C8C-48C2-B943-6E10C34860C0}.Debug|Win32.Build.0 = Debug|Win32
		{791485D8-0C8C-48C2-B943-6E10C34860C0}.Release|Win32.ActiveCfg = Release|Win32
		{791485D8-0C8C-48C2-B943-6E10C34860C0}.Release|Win32.Build.0 = Release|Win32
		{8C46A561-981F-447F-BD14-B96007179478}.Debug|Win32.ActiveCfg = Debug|Win32
		{8C46A561-981F-447F-BD14-B96007179478}.Debug|Win32.Build.0 = Debug|Win32
		{8C46A561-981F-447F-BD14-B96007179478}.Release|Win32.ActiveCfg = Release|Win32
		{8C46A561-981F-447F-BD14-B96007179478}.Release|Win32.Build.0 = Release|Win32
	EndGlobalSection
	GlobalSection(SolutionProperties) = preSolution
		HideSolutionNode = FALSE
	EndGlobalSection
EndGlobal
