<?xml version="1.0" encoding="utf-8"?>
<Project ToolsVersion="4.0" xmlns="http://schemas.microsoft.com/developer/msbuild/2003">
  <ItemGroup>
    <ClInclude Include="ionAnimation.h" />
    <ClInclude Include="Move.h" />
    <ClInclude Include="CCatmullRomAdvancedSplineInterpolator.h">
      <Filter>Splines</Filter>
    </ClInclude>
    <ClInclude Include="CCatmullRomSplineInterpolator.h">
      <Filter>Splines</Filter>
    </ClInclude>
    <ClInclude Include="CHermiteSplineInterpolator.h">
      <Filter>Splines</Filter>
    </ClInclude>
    <ClInclude Include="CKochanekBartelsSplineInterpolator.h">
      <Filter>Splines</Filter>
    </ClInclude>
    <ClInclude Include="CLinearSplineInterpolator.h">
      <Filter>Splines</Filter>
    </ClInclude>
    <ClInclude Include="CSpline.h">
      <Filter>Splines</Filter>
    </ClInclude>
    <ClInclude Include="ISplineInterpolator.h">
      <Filter>Splines</Filter>
    </ClInclude>
    <ClInclude Include="ISpline.h">
      <Filter>Splines</Filter>
    </ClInclude>
    <ClInclude Include="SSplineNode.h">
      <Filter>Splines</Filter>
    </ClInclude>
  </ItemGroup>
  <ItemGroup>
    <ClCompile Include="Move.cpp" />
    <ClCompile Include="CSpline.cpp">
      <Filter>Splines</Filter>
    </ClCompile>
  </ItemGroup>
  <ItemGroup>
    <Filter Include="Splines">
      <UniqueIdentifier>{6a2fc593-1b62-4d9d-9b87-82a9ec01a0bb}</UniqueIdentifier>
    </Filter>
  </ItemGroup>
</Project>