<?xml version="1.0" encoding="utf-8"?>
<Project ToolsVersion="4.0" xmlns="http://schemas.microsoft.com/developer/msbuild/2003">
  <ItemGroup>
    <ClInclude Include="CBufferObject.h" />
    <ClInclude Include="CDeferredShadingManager.h" />
    <ClInclude Include="CFrameBufferObject.h" />
    <ClInclude Include="CRenderable.h" />
    <ClInclude Include="CRenderBufferObject.h" />
    <ClInclude Include="CSceneObject.h" />
    <ClInclude Include="IRenderTarget.h" />
    <ClInclude Include="ionGraphics.h" />
    <ClInclude Include="CShader.h" />
    <ClInclude Include="CShaderContext.h" />
    <ClInclude Include="CShaderLoader.h" />
    <ClInclude Include="SAttribute.h" />
    <ClInclude Include="SUniform.h" />
    <ClInclude Include="CTexture.h" />
  </ItemGroup>
  <ItemGroup>
    <ClCompile Include="CDeferredShadingManager.cpp" />
    <ClCompile Include="CFrameBufferObject.cpp" />
    <ClCompile Include="CRenderable.cpp" />
    <ClCompile Include="CRenderable.ShaderVariables.cpp" />
    <ClCompile Include="CRenderable.SMaterial.cpp" />
    <ClCompile Include="CRenderable.SShaderSetup.cpp" />
    <ClCompile Include="CRenderable.UpdateMethods.cpp" />
    <ClCompile Include="CRenderBufferObject.cpp" />
    <ClCompile Include="CSceneObject.ContextManagement.cpp" />
    <ClCompile Include="CSceneObject.cpp" />
    <ClCompile Include="CSceneObject.RenderableManagement.cpp" />
    <ClCompile Include="CSceneObject.ShaderManagement.cpp" />
    <ClCompile Include="CSceneObject.UpdateMethods.cpp" />
    <ClCompile Include="CShader.cpp" />
    <ClCompile Include="CShaderContext.cpp" />
    <ClCompile Include="CShaderLoader.cpp" />
    <ClCompile Include="CTexture.cpp" />
  </ItemGroup>
</Project>