<?xml version="1.0" encoding="utf-8"?>
<Project ToolsVersion="4.0" xmlns="http://schemas.microsoft.com/developer/msbuild/2003">
  <ItemGroup>
    <ClInclude Include="CDeferredShadingManager.h" />
    <ClInclude Include="CFrameBufferObject.h" />
    <ClInclude Include="CRenderable.h" />
    <ClInclude Include="CRenderBufferObject.h" />
    <ClInclude Include="CSceneObject.h" />
    <ClInclude Include="ionGraphics.h" />
    <ClInclude Include="CShader.h" />
    <ClInclude Include="CShaderContext.h" />
    <ClInclude Include="CShaderLoader.h" />
    <ClInclude Include="CBufferObject.h">
      <Filter>Utilities</Filter>
    </ClInclude>
    <ClInclude Include="CTexture.h">
      <Filter>Utilities</Filter>
    </ClInclude>
    <ClInclude Include="IRenderTarget.h">
      <Filter>Render Targets</Filter>
    </ClInclude>
    <ClInclude Include="SAttribute.h">
      <Filter>Utilities</Filter>
    </ClInclude>
  </ItemGroup>
  <ItemGroup>
    <ClCompile Include="CDeferredShadingManager.cpp" />
    <ClCompile Include="CFrameBufferObject.cpp" />
    <ClCompile Include="CRenderable.cpp" />
    <ClCompile Include="CRenderable.ShaderVariables.cpp" />
    <ClCompile Include="CRenderable.SMaterial.cpp" />
    <ClCompile Include="CRenderable.SShaderSetup.cpp" />
    <ClCompile Include="CRenderable.UpdateMethods.cpp" />
    <ClCompile Include="CRenderBufferObject.cpp" />
    <ClCompile Include="CSceneObject.ContextManagement.cpp" />
    <ClCompile Include="CSceneObject.cpp" />
    <ClCompile Include="CSceneObject.RenderableManagement.cpp" />
    <ClCompile Include="CSceneObject.ShaderManagement.cpp" />
    <ClCompile Include="CSceneObject.UpdateMethods.cpp" />
    <ClCompile Include="CShader.cpp" />
    <ClCompile Include="CShaderContext.cpp" />
    <ClCompile Include="CShaderLoader.cpp" />
    <ClCompile Include="CTexture.cpp">
      <Filter>Utilities</Filter>
    </ClCompile>
  </ItemGroup>
  <ItemGroup>
    <Filter Include="Utilities">
      <UniqueIdentifier>{7f10ebe0-d142-47f6-bfb4-cd37a61a3e0e}</UniqueIdentifier>
    </Filter>
    <Filter Include="Render Targets">
      <UniqueIdentifier>{4cc405f3-b6be-4870-b5e2-d3be78bd63fa}</UniqueIdentifier>
    </Filter>
  </ItemGroup>
</Project>