<?xml version="1.0" encoding="utf-8"?>
<Project ToolsVersion="4.0" xmlns="http://schemas.microsoft.com/developer/msbuild/2003">
  <ItemGroup>
    <ClCompile Include="CStateManager.cpp">
      <Filter>State System</Filter>
    </ClCompile>
    <ClCompile Include="ionSTB.cpp" />
    <ClCompile Include="CImage.cpp" />
  </ItemGroup>
  <ItemGroup>
    <ClInclude Include="ionFramework.h" />
    <ClInclude Include="IEventListener.h">
      <Filter>Event Management</Filter>
    </ClInclude>
    <ClInclude Include="CStateManager.h">
      <Filter>State System</Filter>
    </ClInclude>
    <ClInclude Include="IState.h">
      <Filter>State System</Filter>
    </ClInclude>
    <ClInclude Include="IEvent.h">
      <Filter>Event Management</Filter>
    </ClInclude>
    <ClInclude Include="CImage.h" />
  </ItemGroup>
  <ItemGroup>
    <Filter Include="Event Management">
      <UniqueIdentifier>{acb8f329-6c61-431d-9e0d-951705aa24db}</UniqueIdentifier>
    </Filter>
    <Filter Include="State System">
      <UniqueIdentifier>{a3e29e70-dca9-4ad2-9f42-9334a6c1e900}</UniqueIdentifier>
    </Filter>
  </ItemGroup>
</Project>