<?xml version="1.0" encoding="utf-8"?>
<Project ToolsVersion="4.0" xmlns="http://schemas.microsoft.com/developer/msbuild/2003">
  <ItemGroup>
    <ClInclude Include="ionCore.h" />
    <ClInclude Include="ionClass.h">
      <Filter>Core Utilities</Filter>
    </ClInclude>
    <ClInclude Include="ionComparison.h">
      <Filter>Core Utilities</Filter>
    </ClInclude>
    <ClInclude Include="ionSmartPointer.h">
      <Filter>Core Utilities</Filter>
    </ClInclude>
    <ClInclude Include="ionContainer.h">
      <Filter>Core Utilities</Filter>
    </ClInclude>
    <ClInclude Include="ionTypes.h">
      <Filter>Core Utilities</Filter>
    </ClInclude>
    <ClInclude Include="ionUtils.h">
      <Filter>Core Utilities</Filter>
    </ClInclude>
    <ClInclude Include="IMultiTreeNode.h">
      <Filter>Base Classes</Filter>
    </ClInclude>
    <ClInclude Include="IEntity.h">
      <Filter>Base Classes</Filter>
    </ClInclude>
    <ClInclude Include="ITreeNode.h">
      <Filter>Base Classes</Filter>
    </ClInclude>
    <ClInclude Include="Singleton.h">
      <Filter>Base Classes</Filter>
    </ClInclude>
    <ClInclude Include="SingletonPointer.h">
      <Filter>Base Classes</Filter>
    </ClInclude>
    <ClInclude Include="String.h">
      <Filter>Helper Classes</Filter>
    </ClInclude>
    <ClInclude Include="Random.h">
      <Filter>Helper Classes</Filter>
    </ClInclude>
    <ClInclude Include="File.h">
      <Filter>Helper Classes</Filter>
    </ClInclude>
    <ClInclude Include="Bitwise.h">
      <Filter>Helper Classes</Filter>
    </ClInclude>
    <ClInclude Include="Directory.h">
      <Filter>Helper Classes</Filter>
    </ClInclude>
    <ClInclude Include="vec3.h">
      <Filter>Vector</Filter>
    </ClInclude>
    <ClInclude Include="vec2.h">
      <Filter>Vector</Filter>
    </ClInclude>
    <ClInclude Include="vec4.h">
      <Filter>Vector</Filter>
    </ClInclude>
    <ClInclude Include="Color.h">
      <Filter>Vector</Filter>
    </ClInclude>
    <ClInclude Include="color3.h">
      <Filter>Vector</Filter>
    </ClInclude>
    <ClInclude Include="color4.h">
      <Filter>Vector</Filter>
    </ClInclude>
    <ClInclude Include="ionConstants.h">
      <Filter>Core Utilities</Filter>
    </ClInclude>
    <ClInclude Include="ionMathFunctions.h">
      <Filter>Core Utilities</Filter>
    </ClInclude>
    <ClInclude Include="CImage.h">
      <Filter>Assets</Filter>
    </ClInclude>
    <ClInclude Include="IEvent.h">
      <Filter>Events</Filter>
    </ClInclude>
    <ClInclude Include="IEventListener.h">
      <Filter>Events</Filter>
    </ClInclude>
    <ClInclude Include="ionLogger.h">
      <Filter>Core Utilities</Filter>
    </ClInclude>
  </ItemGroup>
  <ItemGroup>
    <ClCompile Include="ionUtils.cpp">
      <Filter>Core Utilities</Filter>
    </ClCompile>
    <ClCompile Include="String.cpp">
      <Filter>Helper Classes</Filter>
    </ClCompile>
    <ClCompile Include="File.cpp">
      <Filter>Helper Classes</Filter>
    </ClCompile>
    <ClCompile Include="Bitwise.cpp">
      <Filter>Helper Classes</Filter>
    </ClCompile>
    <ClCompile Include="Directory.cpp">
      <Filter>Helper Classes</Filter>
    </ClCompile>
    <ClCompile Include="Color.cpp">
      <Filter>Vector</Filter>
    </ClCompile>
    <ClCompile Include="CImage.cpp">
      <Filter>Assets</Filter>
    </ClCompile>
    <ClCompile Include="ionSTB.cpp">
      <Filter>STB</Filter>
    </ClCompile>
    <ClCompile Include="ionLogger.cpp">
      <Filter>Core Utilities</Filter>
    </ClCompile>
  </ItemGroup>
  <ItemGroup>
    <Filter Include="Core Utilities">
      <UniqueIdentifier>{7955db46-d067-4594-a7d8-0bb47d8fcdc1}</UniqueIdentifier>
    </Filter>
    <Filter Include="Base Classes">
      <UniqueIdentifier>{258dbc45-38c5-4fc0-bbc3-93c831b5182b}</UniqueIdentifier>
    </Filter>
    <Filter Include="Helper Classes">
      <UniqueIdentifier>{101d5ca4-4bf2-458f-b597-6f832a20be45}</UniqueIdentifier>
    </Filter>
    <Filter Include="Vector">
      <UniqueIdentifier>{66f568ba-eb1b-4ea7-9788-8c59efbbf4c2}</UniqueIdentifier>
    </Filter>
    <Filter Include="Assets">
      <UniqueIdentifier>{d5d2d4a4-7f61-4fbd-b08d-637783861f9d}</UniqueIdentifier>
    </Filter>
    <Filter Include="STB">
      <UniqueIdentifier>{3102e85c-07e5-471a-a676-2f82e0f87e00}</UniqueIdentifier>
    </Filter>
    <Filter Include="Events">
      <UniqueIdentifier>{06984b8d-6a5f-49c6-a08a-326ad68b6e13}</UniqueIdentifier>
    </Filter>
  </ItemGroup>
</Project>