<?xml version="1.0" encoding="utf-8"?>
<Project ToolsVersion="4.0" xmlns="http://schemas.microsoft.com/developer/msbuild/2003">
  <ItemGroup>
    <ClInclude Include="ionGL.h" />
    <ClInclude Include="Utilities.h" />
    <ClInclude Include="Buffer.h" />
    <ClInclude Include="VertexArray.h" />
    <ClInclude Include="Texture.h" />
    <ClInclude Include="Shader.h" />
    <ClInclude Include="Program.h" />
  </ItemGroup>
  <ItemGroup>
    <ClCompile Include="Buffer.cpp" />
    <ClCompile Include="Texture.cpp" />
    <ClCompile Include="Shader.cpp" />
    <ClCompile Include="VertexArray.cpp" />
    <ClCompile Include="Program.cpp" />
    <ClCompile Include="Utilities.cpp" />
  </ItemGroup>
</Project>