<?xml version="1.0" encoding="utf-8"?>
<Project ToolsVersion="4.0" xmlns="http://schemas.microsoft.com/developer/msbuild/2003">
  <ItemGroup>
    <ClCompile Include="UnitTests.cpp" />
    <ClCompile Include="ionClass.cpp">
      <Filter>ionCore</Filter>
    </ClCompile>
    <ClCompile Include="ionComparison.cpp">
      <Filter>ionCore</Filter>
    </ClCompile>
    <ClCompile Include="ionCore.cpp">
      <Filter>ionCore</Filter>
    </ClCompile>
    <ClCompile Include="SVector2.cpp">
      <Filter>ionMath</Filter>
    </ClCompile>
  </ItemGroup>
  <ItemGroup>
    <Filter Include="ionCore">
      <UniqueIdentifier>{cce43ec2-8d43-4b26-bb8e-003836510a51}</UniqueIdentifier>
    </Filter>
    <Filter Include="ionMath">
      <UniqueIdentifier>{c920e00c-2f9f-4c5c-bbae-d1ca00f40e12}</UniqueIdentifier>
    </Filter>
  </ItemGroup>
</Project>