<?xml version="1.0" encoding="utf-8"?>
<Project ToolsVersion="4.0" xmlns="http://schemas.microsoft.com/developer/msbuild/2003">
  <ItemGroup>
    <ClInclude Include="CCameraController.h" />
    <ClInclude Include="CAssetManager.h" />
    <ClInclude Include="ionApplication.h" />
    <ClInclude Include="CDefaultApplication.h" />
    <ClInclude Include="CStateManager.h">
      <Filter>State System</Filter>
    </ClInclude>
    <ClInclude Include="IState.h">
      <Filter>State System</Filter>
    </ClInclude>
    <ClInclude Include="CControlPanel.h" />
  </ItemGroup>
  <ItemGroup>
    <ClCompile Include="CCameraController.cpp" />
    <ClCompile Include="CAssetManager.cpp" />
    <ClCompile Include="CDefaultApplication.cpp" />
    <ClCompile Include="CStateManager.cpp">
      <Filter>State System</Filter>
    </ClCompile>
    <ClCompile Include="CControlPanel.cpp" />
  </ItemGroup>
  <ItemGroup>
    <Filter Include="State System">
      <UniqueIdentifier>{17c157f7-ca62-459b-b7ff-79d220cba346}</UniqueIdentifier>
    </Filter>
  </ItemGroup>
</Project>