<?xml version="1.0" encoding="utf-8"?>
<Project ToolsVersion="4.0" xmlns="http://schemas.microsoft.com/developer/msbuild/2003">
  <ItemGroup>
    <ClCompile Include="UnitTests.cpp" />
    <ClCompile Include="ionClass.cpp">
      <Filter>ionCore</Filter>
    </ClCompile>
    <ClCompile Include="ionComparison.cpp">
      <Filter>ionCore</Filter>
    </ClCompile>
    <ClCompile Include="SVector2.cpp">
      <Filter>ionMath</Filter>
    </ClCompile>
    <ClCompile Include="ionComponent.cpp">
      <Filter>ionCore</Filter>
    </ClCompile>
    <ClCompile Include="ionLogger.cpp">
      <Filter>ionCore</Filter>
    </ClCompile>
    <ClCompile Include="Interpolation.cpp">
      <Filter>ionScience</Filter>
    </ClCompile>
    <ClCompile Include="SVector3.cpp">
      <Filter>ionMath</Filter>
    </ClCompile>
    <ClCompile Include="SBoundingBox3.cpp">
      <Filter>ionMath</Filter>
    </ClCompile>
    <ClCompile Include="IsUniformNameArrayElement.cpp">
      <Filter>ionScene</Filter>
    </ClCompile>
    <ClCompile Include="ray3.cpp">
      <Filter>ionMath</Filter>
    </ClCompile>
    <ClCompile Include="TestBitwise.cpp">
      <Filter>ionCore</Filter>
    </ClCompile>
    <ClCompile Include="ionContainer.cpp">
      <Filter>ionCore</Filter>
    </ClCompile>
    <ClCompile Include="TestFile.cpp">
      <Filter>ionCore</Filter>
    </ClCompile>
    <ClCompile Include="TestString.cpp">
      <Filter>ionCore</Filter>
    </ClCompile>
    <ClCompile Include="TestionUtils.cpp">
      <Filter>ionCore</Filter>
    </ClCompile>
  </ItemGroup>
  <ItemGroup>
    <Filter Include="ionCore">
      <UniqueIdentifier>{cce43ec2-8d43-4b26-bb8e-003836510a51}</UniqueIdentifier>
    </Filter>
    <Filter Include="ionMath">
      <UniqueIdentifier>{c920e00c-2f9f-4c5c-bbae-d1ca00f40e12}</UniqueIdentifier>
    </Filter>
    <Filter Include="ionScience">
      <UniqueIdentifier>{c3ea04eb-b2ef-4c61-8688-6159a87f5276}</UniqueIdentifier>
    </Filter>
    <Filter Include="ionScene">
      <UniqueIdentifier>{d425f992-8535-4078-9940-be294c3c0b11}</UniqueIdentifier>
    </Filter>
  </ItemGroup>
</Project>