<?xml version="1.0" encoding="utf-8"?>
<Project ToolsVersion="4.0" xmlns="http://schemas.microsoft.com/developer/msbuild/2003">
  <ItemGroup>
    <ClCompile Include="CWindow.cpp" />
    <ClCompile Include="CWindowManager.Callbacks.cpp" />
    <ClCompile Include="CWindowManager.cpp" />
    <ClCompile Include="ConvertGLFWKeyCode.cpp">
      <Filter>Events</Filter>
    </ClCompile>
    <ClCompile Include="CTimeManager.cpp" />
    <ClCompile Include="CGamePad.cpp" />
  </ItemGroup>
  <ItemGroup>
    <ClInclude Include="CWindow.h" />
    <ClInclude Include="CWindowManager.h" />
    <ClInclude Include="EKey.h">
      <Filter>Events</Filter>
    </ClInclude>
    <ClInclude Include="SKeyboardEvent.h">
      <Filter>Events</Filter>
    </ClInclude>
    <ClInclude Include="SMouseEvent.h">
      <Filter>Events</Filter>
    </ClInclude>
    <ClInclude Include="SWindowResizedEvent.h">
      <Filter>Events</Filter>
    </ClInclude>
    <ClInclude Include="ConvertGLFWKeyCode.h">
      <Filter>Events</Filter>
    </ClInclude>
    <ClInclude Include="ionWindow.h" />
    <ClInclude Include="CTimeManager.h" />
    <ClInclude Include="CGamePad.h" />
    <ClInclude Include="SFileDroppedEvent.h">
      <Filter>Events</Filter>
    </ClInclude>
  </ItemGroup>
  <ItemGroup>
    <Filter Include="Events">
      <UniqueIdentifier>{206af996-b490-4aa3-95fa-e48c35522abf}</UniqueIdentifier>
    </Filter>
  </ItemGroup>
</Project>